{
    "name": "gnome-shell-extension-rounded-corners-effect",
    "version": "v1",
    "lockfileVersion": 3,
    "requires": true,
    "packages": {
        "": {
            "name": "gnome-shell-extension-rounded-corners-effect",
            "version": "v1",
            "license": "GPL-3.0-or-later",
            "devDependencies": {
                "@biomejs/biome": "^1.7.2",
                "@girs/gjs": "^4.0.0-beta.5",
                "@girs/gnome-shell": "^46.0.0-beta7",
                "typescript": "^5.4.5"
            }
        },
        "node_modules/@biomejs/biome": {
            "version": "1.9.0",
            "resolved": "https://registry.npmjs.org/@biomejs/biome/-/biome-1.9.0.tgz",
            "integrity": "sha512-NlWh2F1wbxB3O/wE+aohGL0BziTS6e+6+dyFvpdeqLsbQZY7EsiklFb9W5Xs41U4vEmY7ANgdNp+oVDij6sQdA==",
            "dev": true,
            "hasInstallScript": true,
            "license": "MIT OR Apache-2.0",
            "bin": {
                "biome": "bin/biome"
            },
            "engines": {
                "node": ">=14.21.3"
            },
            "funding": {
                "type": "opencollective",
                "url": "https://opencollective.com/biome"
            },
            "optionalDependencies": {
                "@biomejs/cli-darwin-arm64": "1.9.0",
                "@biomejs/cli-darwin-x64": "1.9.0",
                "@biomejs/cli-linux-arm64": "1.9.0",
                "@biomejs/cli-linux-arm64-musl": "1.9.0",
                "@biomejs/cli-linux-x64": "1.9.0",
                "@biomejs/cli-linux-x64-musl": "1.9.0",
                "@biomejs/cli-win32-arm64": "1.9.0",
                "@biomejs/cli-win32-x64": "1.9.0"
            }
        },
        "node_modules/@biomejs/cli-darwin-arm64": {
            "version": "1.9.0",
            "resolved": "https://registry.npmjs.org/@biomejs/cli-darwin-arm64/-/cli-darwin-arm64-1.9.0.tgz",
            "integrity": "sha512-2w9v/NRtYSmodx5QWQ49OGcyGKSECdWKbzc7n532Iq5sBhkKk996fd19icT6BuL54f01KFKRCRibAW+A2rg1Kw==",
            "cpu": [
                "arm64"
            ],
            "dev": true,
            "license": "MIT OR Apache-2.0",
            "optional": true,
            "os": [
                "darwin"
            ],
            "engines": {
                "node": ">=14.21.3"
            }
        },
        "node_modules/@biomejs/cli-darwin-x64": {
            "version": "1.9.0",
            "resolved": "https://registry.npmjs.org/@biomejs/cli-darwin-x64/-/cli-darwin-x64-1.9.0.tgz",
            "integrity": "sha512-fBVt8jJQi0zX0SJ1C+tdzUbRpuX/07sgtBXEhunWRkPjdi6W/2S1sYHQ1wKn4OKiRAKfHM2Cf2FNO7hQvY61dA==",
            "cpu": [
                "x64"
            ],
            "dev": true,
            "license": "MIT OR Apache-2.0",
            "optional": true,
            "os": [
                "darwin"
            ],
            "engines": {
                "node": ">=14.21.3"
            }
        },
        "node_modules/@biomejs/cli-linux-arm64": {
            "version": "1.9.0",
            "resolved": "https://registry.npmjs.org/@biomejs/cli-linux-arm64/-/cli-linux-arm64-1.9.0.tgz",
            "integrity": "sha512-l8U2lcqsl9yKPP5WUdIrKH//C1pWyM2cSUfcTBn6GSvXmsSjBNEdGSdM4Wfne777Oe/9ONaD1Ga53U2HksHHLw==",
            "cpu": [
                "arm64"
            ],
            "dev": true,
            "license": "MIT OR Apache-2.0",
            "optional": true,
            "os": [
                "linux"
            ],
            "engines": {
                "node": ">=14.21.3"
            }
        },
        "node_modules/@biomejs/cli-linux-arm64-musl": {
            "version": "1.9.0",
            "resolved": "https://registry.npmjs.org/@biomejs/cli-linux-arm64-musl/-/cli-linux-arm64-musl-1.9.0.tgz",
            "integrity": "sha512-Jy84mZ4vcppdmWMgQWOCfd8qIVC/vHmlaS5gy7GXkdWlBKSQ56YxEXTU58MHTbZ16LwJQpK2IulqRCC/rqWLBA==",
            "cpu": [
                "arm64"
            ],
            "dev": true,
            "license": "MIT OR Apache-2.0",
            "optional": true,
            "os": [
                "linux"
            ],
            "engines": {
                "node": ">=14.21.3"
            }
        },
        "node_modules/@biomejs/cli-linux-x64": {
            "version": "1.9.0",
            "resolved": "https://registry.npmjs.org/@biomejs/cli-linux-x64/-/cli-linux-x64-1.9.0.tgz",
            "integrity": "sha512-8jAzjrrJTj510pwq4aVs7ZKkOvEy1D+nzl9DKvrPh4TOyUw5Ie+0EDwXGE2RAkCKHkGNOQBZ78WtIdsATgz5sA==",
            "cpu": [
                "x64"
            ],
            "dev": true,
            "license": "MIT OR Apache-2.0",
            "optional": true,
            "os": [
                "linux"
            ],
            "engines": {
                "node": ">=14.21.3"
            }
        },
        "node_modules/@biomejs/cli-linux-x64-musl": {
            "version": "1.9.0",
            "resolved": "https://registry.npmjs.org/@biomejs/cli-linux-x64-musl/-/cli-linux-x64-musl-1.9.0.tgz",
            "integrity": "sha512-N3enoFoIrkB6qJWyYfTiYmFdB1R/Mrij1dd1xBHqxxCKZY9GRkEswRX3F1Uqzo5T+9Iu8nAQobDqI/ygicYy/Q==",
            "cpu": [
                "x64"
            ],
            "dev": true,
            "license": "MIT OR Apache-2.0",
            "optional": true,
            "os": [
                "linux"
            ],
            "engines": {
                "node": ">=14.21.3"
            }
        },
        "node_modules/@biomejs/cli-win32-arm64": {
            "version": "1.9.0",
            "resolved": "https://registry.npmjs.org/@biomejs/cli-win32-arm64/-/cli-win32-arm64-1.9.0.tgz",
            "integrity": "sha512-AIjwJTGfdWGMRluSQ9pDB29nzce077dfHh0/HMqzztKzgD3spyuo2R9VoaFpbR0hLHPWEH6g6OxxDO7hfkXNkQ==",
            "cpu": [
                "arm64"
            ],
            "dev": true,
            "license": "MIT OR Apache-2.0",
            "optional": true,
            "os": [
                "win32"
            ],
            "engines": {
                "node": ">=14.21.3"
            }
        },
        "node_modules/@biomejs/cli-win32-x64": {
            "version": "1.9.0",
            "resolved": "https://registry.npmjs.org/@biomejs/cli-win32-x64/-/cli-win32-x64-1.9.0.tgz",
            "integrity": "sha512-4/4wTjNSoyNkm1SzcUaStDx46baX1VJRXtUoeEHjX9LfedR5N3qwZz5KfrRUnCd2fl5bmXK1CwMqKBkoF6zEiA==",
            "cpu": [
                "x64"
            ],
            "dev": true,
            "license": "MIT OR Apache-2.0",
            "optional": true,
            "os": [
                "win32"
            ],
            "engines": {
                "node": ">=14.21.3"
            }
        },
        "node_modules/@girs/accountsservice-1.0": {
            "version": "1.0.0-4.0.0-beta.15",
            "resolved": "https://registry.npmjs.org/@girs/accountsservice-1.0/-/accountsservice-1.0-1.0.0-4.0.0-beta.15.tgz",
            "integrity": "sha512-8vlSxQrCC9wShWXIJe50YGikJdPh8mT7nxpSiAKHOVS4Yx1pjWcWFdeLdMN2O2KHm7d5vq9nwpF93vaMJ/nzSQ==",
            "dev": true,
            "license": "MIT",
            "dependencies": {
                "@girs/gio-2.0": "^2.80.3-4.0.0-beta.15",
                "@girs/gjs": "^4.0.0-beta.15",
                "@girs/glib-2.0": "^2.80.3-4.0.0-beta.15",
                "@girs/gobject-2.0": "^2.80.3-4.0.0-beta.15"
            }
        },
        "node_modules/@girs/adw-1": {
            "version": "1.6.0-4.0.0-beta.15",
            "resolved": "https://registry.npmjs.org/@girs/adw-1/-/adw-1-1.6.0-4.0.0-beta.15.tgz",
            "integrity": "sha512-sSxWJf5tapPi8bNYULZ1ouTcXCb4h/KSP/VBmImiwXS1DhSaXe8d5Wxgj6q8I9qMr++TCgu2YbPvPt2aSORH0w==",
            "dev": true,
            "license": "MIT",
            "dependencies": {
                "@girs/cairo-1.0": "^1.0.0-4.0.0-beta.15",
                "@girs/freetype2-2.0": "^2.0.0-4.0.0-beta.15",
                "@girs/gdk-4.0": "^4.0.0-4.0.0-beta.15",
                "@girs/gdkpixbuf-2.0": "^2.0.0-4.0.0-beta.15",
                "@girs/gio-2.0": "^2.80.3-4.0.0-beta.15",
                "@girs/gjs": "^4.0.0-beta.15",
                "@girs/glib-2.0": "^2.80.3-4.0.0-beta.15",
                "@girs/gmodule-2.0": "^2.0.0-4.0.0-beta.15",
                "@girs/gobject-2.0": "^2.80.3-4.0.0-beta.15",
                "@girs/graphene-1.0": "^1.0.0-4.0.0-beta.15",
                "@girs/gsk-4.0": "^4.0.0-4.0.0-beta.15",
                "@girs/gtk-4.0": "^4.14.5-4.0.0-beta.15",
                "@girs/harfbuzz-0.0": "^8.5.0-4.0.0-beta.15",
                "@girs/pango-1.0": "^1.54.0-4.0.0-beta.15",
                "@girs/pangocairo-1.0": "^1.0.0-4.0.0-beta.15"
            }
        },
        "node_modules/@girs/adw-1/node_modules/@girs/gtk-4.0": {
            "version": "4.14.5-4.0.0-beta.15",
            "resolved": "https://registry.npmjs.org/@girs/gtk-4.0/-/gtk-4.0-4.14.5-4.0.0-beta.15.tgz",
            "integrity": "sha512-V0UBv3PuBTipBn/JvU6lFsgS5cvR5LhWqC/DIYWtlYHaz6a73Z9fJPdl1CBW6DAKLfBuhf3EGQsHkv2os2yrNw==",
            "dev": true,
            "license": "MIT",
            "dependencies": {
                "@girs/cairo-1.0": "^1.0.0-4.0.0-beta.15",
                "@girs/freetype2-2.0": "^2.0.0-4.0.0-beta.15",
                "@girs/gdk-4.0": "^4.0.0-4.0.0-beta.15",
                "@girs/gdkpixbuf-2.0": "^2.0.0-4.0.0-beta.15",
                "@girs/gio-2.0": "^2.80.3-4.0.0-beta.15",
                "@girs/gjs": "^4.0.0-beta.15",
                "@girs/glib-2.0": "^2.80.3-4.0.0-beta.15",
                "@girs/gmodule-2.0": "^2.0.0-4.0.0-beta.15",
                "@girs/gobject-2.0": "^2.80.3-4.0.0-beta.15",
                "@girs/graphene-1.0": "^1.0.0-4.0.0-beta.15",
                "@girs/gsk-4.0": "^4.0.0-4.0.0-beta.15",
                "@girs/harfbuzz-0.0": "^8.5.0-4.0.0-beta.15",
                "@girs/pango-1.0": "^1.54.0-4.0.0-beta.15",
                "@girs/pangocairo-1.0": "^1.0.0-4.0.0-beta.15"
            }
        },
        "node_modules/@girs/atk-1.0": {
            "version": "2.52.0-4.0.0-beta.15",
            "resolved": "https://registry.npmjs.org/@girs/atk-1.0/-/atk-1.0-2.52.0-4.0.0-beta.15.tgz",
            "integrity": "sha512-/3l0yE/xyxhnIlju8moS+OlRir3gxCoaxXNrdpDXKiPAz/sBMYN4PGBgbd/7rYljMJEwnZMC2o9tyTKsIYaSwQ==",
            "dev": true,
            "license": "MIT",
            "dependencies": {
                "@girs/gjs": "^4.0.0-beta.15",
                "@girs/glib-2.0": "^2.80.3-4.0.0-beta.15",
                "@girs/gobject-2.0": "^2.80.3-4.0.0-beta.15"
            }
        },
        "node_modules/@girs/cairo-1.0": {
            "version": "1.0.0-4.0.0-beta.15",
            "resolved": "https://registry.npmjs.org/@girs/cairo-1.0/-/cairo-1.0-1.0.0-4.0.0-beta.15.tgz",
            "integrity": "sha512-5AAKPp4REjlvE0YMgZrs7rJudBKoM/jzbUyym3amnhkb1Th2L/S/iANX7X0/dYhtVoajZlo7edDHzUXxSJNe/Q==",
            "dev": true,
            "license": "MIT",
            "dependencies": {
                "@girs/gjs": "^4.0.0-beta.15",
                "@girs/glib-2.0": "^2.80.3-4.0.0-beta.15",
                "@girs/gobject-2.0": "^2.80.3-4.0.0-beta.15"
            }
        },
        "node_modules/@girs/cally-14": {
            "version": "14.0.0-4.0.0-beta.15",
            "resolved": "https://registry.npmjs.org/@girs/cally-14/-/cally-14-14.0.0-4.0.0-beta.15.tgz",
            "integrity": "sha512-C03Bsvir8aF5ZJkPLfNBMcK2rfk7FKF2V6t3CE84VcWRPR1451JI3Bv2wMT+Ia4XHgXI2DtmseZwf2MT0Byk+w==",
            "dev": true,
            "license": "MIT",
            "dependencies": {
                "@girs/atk-1.0": "^2.52.0-4.0.0-beta.15",
                "@girs/cairo-1.0": "^1.0.0-4.0.0-beta.15",
                "@girs/clutter-14": "^14.0.0-4.0.0-beta.15",
                "@girs/cogl-14": "^14.0.0-4.0.0-beta.15",
                "@girs/coglpango-14": "^14.0.0-4.0.0-beta.15",
                "@girs/freetype2-2.0": "^2.0.0-4.0.0-beta.15",
                "@girs/gio-2.0": "^2.80.3-4.0.0-beta.15",
                "@girs/gjs": "^4.0.0-beta.15",
                "@girs/gl-1.0": "^1.0.0-4.0.0-beta.15",
                "@girs/glib-2.0": "^2.80.3-4.0.0-beta.15",
                "@girs/gobject-2.0": "^2.80.3-4.0.0-beta.15",
                "@girs/graphene-1.0": "^1.0.0-4.0.0-beta.15",
                "@girs/harfbuzz-0.0": "^8.5.0-4.0.0-beta.15",
                "@girs/mtk-14": "^14.0.0-4.0.0-beta.15",
                "@girs/pango-1.0": "^1.54.0-4.0.0-beta.15",
                "@girs/pangocairo-1.0": "^1.0.0-4.0.0-beta.15",
                "@girs/xlib-2.0": "^2.0.0-4.0.0-beta.15"
            }
        },
        "node_modules/@girs/clutter-14": {
            "version": "14.0.0-4.0.0-beta.15",
            "resolved": "https://registry.npmjs.org/@girs/clutter-14/-/clutter-14-14.0.0-4.0.0-beta.15.tgz",
            "integrity": "sha512-Em/4ZHtJIb4VuQ9xMXJJPL3YTjMlwUEf+gx4JC/fDNmcFctlGJyAxDB967tvRzW8TAyoxVwMN9ngTGkAde6Cdg==",
            "dev": true,
            "license": "MIT",
            "dependencies": {
                "@girs/atk-1.0": "^2.52.0-4.0.0-beta.15",
                "@girs/cairo-1.0": "^1.0.0-4.0.0-beta.15",
                "@girs/cogl-14": "^14.0.0-4.0.0-beta.15",
                "@girs/coglpango-14": "^14.0.0-4.0.0-beta.15",
                "@girs/freetype2-2.0": "^2.0.0-4.0.0-beta.15",
                "@girs/gio-2.0": "^2.80.3-4.0.0-beta.15",
                "@girs/gjs": "^4.0.0-beta.15",
                "@girs/gl-1.0": "^1.0.0-4.0.0-beta.15",
                "@girs/glib-2.0": "^2.80.3-4.0.0-beta.15",
                "@girs/gobject-2.0": "^2.80.3-4.0.0-beta.15",
                "@girs/graphene-1.0": "^1.0.0-4.0.0-beta.15",
                "@girs/harfbuzz-0.0": "^8.5.0-4.0.0-beta.15",
                "@girs/mtk-14": "^14.0.0-4.0.0-beta.15",
                "@girs/pango-1.0": "^1.54.0-4.0.0-beta.15",
                "@girs/pangocairo-1.0": "^1.0.0-4.0.0-beta.15",
                "@girs/xlib-2.0": "^2.0.0-4.0.0-beta.15"
            }
        },
        "node_modules/@girs/cogl-14": {
            "version": "14.0.0-4.0.0-beta.15",
            "resolved": "https://registry.npmjs.org/@girs/cogl-14/-/cogl-14-14.0.0-4.0.0-beta.15.tgz",
            "integrity": "sha512-YroiuwBqv89FnkBbevzSZi0MkjIzByUxwmO6l5KQPodwfUl3PRDiPBEiAnhcrj0uwPEYbvQWiNPNPrddMf9xHw==",
            "dev": true,
            "license": "MIT",
            "dependencies": {
                "@girs/gjs": "^4.0.0-beta.15",
                "@girs/gl-1.0": "^1.0.0-4.0.0-beta.15",
                "@girs/glib-2.0": "^2.80.3-4.0.0-beta.15",
                "@girs/gobject-2.0": "^2.80.3-4.0.0-beta.15",
                "@girs/graphene-1.0": "^1.0.0-4.0.0-beta.15",
                "@girs/mtk-14": "^14.0.0-4.0.0-beta.15",
                "@girs/xlib-2.0": "^2.0.0-4.0.0-beta.15"
            }
        },
        "node_modules/@girs/cogl-2.0": {
            "version": "2.0.0-4.0.0-beta.15",
            "resolved": "https://registry.npmjs.org/@girs/cogl-2.0/-/cogl-2.0-2.0.0-4.0.0-beta.15.tgz",
            "integrity": "sha512-DHdO8IkFBMuC/O3egfYStZFHeOZfMOxjVh9Hgraz2dmMqhiZ2SjkBj0hEfTASaNy58F7pDGYIbz34+ulwjCh3w==",
            "dev": true,
            "license": "MIT",
            "dependencies": {
                "@girs/gjs": "^4.0.0-beta.15",
                "@girs/gl-1.0": "^1.0.0-4.0.0-beta.15",
                "@girs/glib-2.0": "^2.80.3-4.0.0-beta.15",
                "@girs/gobject-2.0": "^2.80.3-4.0.0-beta.15"
            }
        },
        "node_modules/@girs/coglpango-14": {
            "version": "14.0.0-4.0.0-beta.15",
            "resolved": "https://registry.npmjs.org/@girs/coglpango-14/-/coglpango-14-14.0.0-4.0.0-beta.15.tgz",
            "integrity": "sha512-zK8H8cd+N4QifHZe4QDvu/NzcRAlG1gc0dQe5FAjnttPhu0eEwU0quq+k+Hl4JbM09VTREACQbryeH+5A3R4cw==",
            "dev": true,
            "license": "MIT",
            "dependencies": {
                "@girs/cairo-1.0": "^1.0.0-4.0.0-beta.15",
                "@girs/cogl-14": "^14.0.0-4.0.0-beta.15",
                "@girs/freetype2-2.0": "^2.0.0-4.0.0-beta.15",
                "@girs/gio-2.0": "^2.80.3-4.0.0-beta.15",
                "@girs/gjs": "^4.0.0-beta.15",
                "@girs/gl-1.0": "^1.0.0-4.0.0-beta.15",
                "@girs/glib-2.0": "^2.80.3-4.0.0-beta.15",
                "@girs/gobject-2.0": "^2.80.3-4.0.0-beta.15",
                "@girs/graphene-1.0": "^1.0.0-4.0.0-beta.15",
                "@girs/harfbuzz-0.0": "^8.5.0-4.0.0-beta.15",
                "@girs/mtk-14": "^14.0.0-4.0.0-beta.15",
                "@girs/pango-1.0": "^1.54.0-4.0.0-beta.15",
                "@girs/pangocairo-1.0": "^1.0.0-4.0.0-beta.15",
                "@girs/xlib-2.0": "^2.0.0-4.0.0-beta.15"
            }
        },
        "node_modules/@girs/freetype2-2.0": {
            "version": "2.0.0-4.0.0-beta.15",
            "resolved": "https://registry.npmjs.org/@girs/freetype2-2.0/-/freetype2-2.0-2.0.0-4.0.0-beta.15.tgz",
            "integrity": "sha512-kLD/jhCdgrkLzHXNGJoeMwkUYDv7IvPtmIrYQdpLSMD8OUDQmMbrJGO+/hjm+2o9qvggakfzt7fXrmuY4dOi7Q==",
            "dev": true,
            "license": "MIT",
            "dependencies": {
                "@girs/gjs": "^4.0.0-beta.15",
                "@girs/gobject-2.0": "^2.80.3-4.0.0-beta.15"
            }
        },
        "node_modules/@girs/gck-2": {
            "version": "4.3.0-4.0.0-beta.15",
            "resolved": "https://registry.npmjs.org/@girs/gck-2/-/gck-2-4.3.0-4.0.0-beta.15.tgz",
            "integrity": "sha512-LCZDC0fje7qp+DYArT4dck+Yli5Z0G2KDPPbpjUUaF4fdcIABHaKMzvmiEG5H0IXX/KxcXo7ySukM+6HZ0984Q==",
            "dev": true,
            "license": "MIT",
            "dependencies": {
                "@girs/gio-2.0": "^2.80.3-4.0.0-beta.15",
                "@girs/gjs": "^4.0.0-beta.15",
                "@girs/glib-2.0": "^2.80.3-4.0.0-beta.15",
                "@girs/gobject-2.0": "^2.80.3-4.0.0-beta.15"
            }
        },
        "node_modules/@girs/gcr-4": {
            "version": "4.3.0-4.0.0-beta.15",
            "resolved": "https://registry.npmjs.org/@girs/gcr-4/-/gcr-4-4.3.0-4.0.0-beta.15.tgz",
            "integrity": "sha512-FiBtESAMK1InyL7JrP06gd9OnHhumIxUK6EM/QEQgyrEOb2C+CM3P3YZyCDNfXncvcfuTo07H4UaU4ayIEKJMQ==",
            "dev": true,
            "license": "MIT",
            "dependencies": {
                "@girs/gck-2": "^4.3.0-4.0.0-beta.15",
                "@girs/gio-2.0": "^2.80.3-4.0.0-beta.15",
                "@girs/gjs": "^4.0.0-beta.15",
                "@girs/glib-2.0": "^2.80.3-4.0.0-beta.15",
                "@girs/gobject-2.0": "^2.80.3-4.0.0-beta.15"
            }
        },
        "node_modules/@girs/gdesktopenums-3.0": {
            "version": "3.0.0-4.0.0-beta.15",
            "resolved": "https://registry.npmjs.org/@girs/gdesktopenums-3.0/-/gdesktopenums-3.0-3.0.0-4.0.0-beta.15.tgz",
            "integrity": "sha512-RhPbstw97c5l3/BGiMp8/1LSOi6wGqPMvZE36h07FWRO9FJkY/fyUgZDUary/BmyOPE6GmqX47A4q9+1C9G0uQ==",
            "dev": true,
            "license": "MIT",
            "dependencies": {
                "@girs/gjs": "^4.0.0-beta.15",
                "@girs/gobject-2.0": "^2.80.3-4.0.0-beta.15"
            }
        },
        "node_modules/@girs/gdk-4.0": {
            "version": "4.0.0-4.0.0-beta.15",
            "resolved": "https://registry.npmjs.org/@girs/gdk-4.0/-/gdk-4.0-4.0.0-4.0.0-beta.15.tgz",
            "integrity": "sha512-myaDL9rEluW0Z9kI56YSOrZsMoAekbGDtTAMBAEXNaLOka0DNHBX8/TO89ytY6PTxIospuEqutsCK67xgUtdag==",
            "dev": true,
            "license": "MIT",
            "dependencies": {
                "@girs/cairo-1.0": "^1.0.0-4.0.0-beta.15",
                "@girs/freetype2-2.0": "^2.0.0-4.0.0-beta.15",
                "@girs/gdkpixbuf-2.0": "^2.0.0-4.0.0-beta.15",
                "@girs/gio-2.0": "^2.80.3-4.0.0-beta.15",
                "@girs/gjs": "^4.0.0-beta.15",
                "@girs/glib-2.0": "^2.80.3-4.0.0-beta.15",
                "@girs/gmodule-2.0": "^2.0.0-4.0.0-beta.15",
                "@girs/gobject-2.0": "^2.80.3-4.0.0-beta.15",
                "@girs/harfbuzz-0.0": "^8.5.0-4.0.0-beta.15",
                "@girs/pango-1.0": "^1.54.0-4.0.0-beta.15",
                "@girs/pangocairo-1.0": "^1.0.0-4.0.0-beta.15"
            }
        },
        "node_modules/@girs/gdkpixbuf-2.0": {
            "version": "2.0.0-4.0.0-beta.15",
            "resolved": "https://registry.npmjs.org/@girs/gdkpixbuf-2.0/-/gdkpixbuf-2.0-2.0.0-4.0.0-beta.15.tgz",
            "integrity": "sha512-DsS28D2R2t5+odZ3eMCRCSWNI+VWWyQS/YlzqG9nmMLjcAMrFHVlnursuXoMrJN4OlQOPwcMkrcvsBLC7ynaFg==",
            "dev": true,
            "license": "MIT",
            "dependencies": {
                "@girs/gio-2.0": "^2.80.3-4.0.0-beta.15",
                "@girs/gjs": "^4.0.0-beta.15",
                "@girs/glib-2.0": "^2.80.3-4.0.0-beta.15",
                "@girs/gmodule-2.0": "^2.0.0-4.0.0-beta.15",
                "@girs/gobject-2.0": "^2.80.3-4.0.0-beta.15"
            }
        },
        "node_modules/@girs/gdm-1.0": {
            "version": "1.0.0-4.0.0-beta.15",
            "resolved": "https://registry.npmjs.org/@girs/gdm-1.0/-/gdm-1.0-1.0.0-4.0.0-beta.15.tgz",
            "integrity": "sha512-CrKNEnbrxUkCBbt6Szt+RL92ApjOzghhhJ8P/zjqdqSloPldF0fm5njXcPXS4YuhizzzRBeoPgu2jOk54dYukg==",
            "dev": true,
            "license": "MIT",
            "dependencies": {
                "@girs/gio-2.0": "^2.80.3-4.0.0-beta.15",
                "@girs/gjs": "^4.0.0-beta.15",
                "@girs/glib-2.0": "^2.80.3-4.0.0-beta.15",
                "@girs/gobject-2.0": "^2.80.3-4.0.0-beta.15"
            }
        },
        "node_modules/@girs/gio-2.0": {
            "version": "2.80.3-4.0.0-beta.15",
            "resolved": "https://registry.npmjs.org/@girs/gio-2.0/-/gio-2.0-2.80.3-4.0.0-beta.15.tgz",
            "integrity": "sha512-KxfB+pkmXeFzA/5MBCy+U2/lOLDrA4ct/oVf9mt3iwzJ+xthUNQq/GyN6krIzM+mWwD/itTDUa+f2nEvRHskrg==",
            "dev": true,
            "license": "MIT",
            "dependencies": {
                "@girs/gjs": "^4.0.0-beta.15",
                "@girs/glib-2.0": "^2.80.3-4.0.0-beta.15",
                "@girs/gobject-2.0": "^2.80.3-4.0.0-beta.15"
            }
        },
        "node_modules/@girs/gjs": {
            "version": "4.0.0-beta.15",
            "resolved": "https://registry.npmjs.org/@girs/gjs/-/gjs-4.0.0-beta.15.tgz",
            "integrity": "sha512-Oa95oCD8PV0AVbOgVSon3qQ2v0kFuVgLz2t6OoJLiHW5JspXx4Juc8c+11rEZ7O/0RVi3/DqYmM0OUCBEe1RSg==",
            "dev": true,
            "license": "MIT",
            "dependencies": {
                "@girs/cairo-1.0": "^1.0.0-4.0.0-beta.15",
                "@girs/gio-2.0": "^2.80.3-4.0.0-beta.15",
                "@girs/glib-2.0": "^2.80.3-4.0.0-beta.15",
                "@girs/gobject-2.0": "^2.80.3-4.0.0-beta.15"
            }
        },
        "node_modules/@girs/gl-1.0": {
            "version": "1.0.0-4.0.0-beta.15",
            "resolved": "https://registry.npmjs.org/@girs/gl-1.0/-/gl-1.0-1.0.0-4.0.0-beta.15.tgz",
            "integrity": "sha512-uSxYjbOm2JnNDpgdk0FO8/VDbsMquQ7Yu/6bVDrZokDoxmDwOUu9IovwNZT3I2ZN5QOmPlUgxwrthg1acdbyqQ==",
            "dev": true,
            "license": "MIT",
            "dependencies": {
                "@girs/gjs": "^4.0.0-beta.15",
                "@girs/gobject-2.0": "^2.80.3-4.0.0-beta.15"
            }
        },
        "node_modules/@girs/glib-2.0": {
            "version": "2.80.3-4.0.0-beta.15",
            "resolved": "https://registry.npmjs.org/@girs/glib-2.0/-/glib-2.0-2.80.3-4.0.0-beta.15.tgz",
            "integrity": "sha512-v9UJ83i+zFnicPsjYhw54Q55DVQ6oqfmef4EKXvsfjKYZF7WiaUWVp/dGAIUzanR0FGbdme6myZRJvYZp9EHcA==",
            "dev": true,
            "license": "MIT",
            "dependencies": {
                "@girs/gjs": "^4.0.0-beta.15",
                "@girs/gobject-2.0": "^2.80.3-4.0.0-beta.15"
            }
        },
        "node_modules/@girs/gmodule-2.0": {
            "version": "2.0.0-4.0.0-beta.15",
            "resolved": "https://registry.npmjs.org/@girs/gmodule-2.0/-/gmodule-2.0-2.0.0-4.0.0-beta.15.tgz",
            "integrity": "sha512-5N66WuYnZByREjgNHRE6Y/5T+j++kFLMd+IqNELgd38tEfsZv9UWomPjpufTG73FapPYwL1pY1eeXX5bEKl39g==",
            "dev": true,
            "license": "MIT",
            "dependencies": {
                "@girs/gjs": "^4.0.0-beta.15",
                "@girs/glib-2.0": "^2.80.3-4.0.0-beta.15",
                "@girs/gobject-2.0": "^2.80.3-4.0.0-beta.15"
            }
        },
        "node_modules/@girs/gnome-shell": {
            "version": "46.0.2",
            "resolved": "https://registry.npmjs.org/@girs/gnome-shell/-/gnome-shell-46.0.2.tgz",
            "integrity": "sha512-3200N6FZstRaDndKm2lDZ7ZeeutJoa+dm8pqU1J6a7PYL0H+JGZIDtarcBWCfMBnIvcFeT7y8vgdooe8X3y3KA==",
            "dev": true,
            "license": "MIT",
            "dependencies": {
                "@girs/accountsservice-1.0": "^1.0.0-4.0.0-beta.12",
                "@girs/adw-1": "^1.6.0-4.0.0-beta.12",
                "@girs/atk-1.0": "^2.52.0-4.0.0-beta.12",
                "@girs/cally-14": "^14.0.0-4.0.0-beta.12",
                "@girs/clutter-14": "^14.0.0-4.0.0-beta.12",
                "@girs/cogl-2.0": "^2.0.0-4.0.0-beta.12",
                "@girs/gcr-4": "^4.3.0-4.0.0-beta.12",
                "@girs/gdm-1.0": "^1.0.0-4.0.0-beta.12",
                "@girs/gio-2.0": "^2.80.3-4.0.0-beta.12",
                "@girs/gjs": "^4.0.0-beta.12",
                "@girs/glib-2.0": "^2.80.3-4.0.0-beta.12",
                "@girs/gnomebg-4.0": "^4.0.0-4.0.0-beta.12",
                "@girs/gnomebluetooth-3.0": "^3.0.0-4.0.0-beta.12",
                "@girs/gnomedesktop-4.0": "^4.0.0-4.0.0-beta.12",
                "@girs/gobject-2.0": "^2.80.3-4.0.0-beta.12",
                "@girs/gtk-4.0": "^4.14.4-4.0.0-beta.12",
                "@girs/gvc-1.0": "^1.0.0-4.0.0-beta.12",
                "@girs/meta-14": "^14.0.0-4.0.0-beta.12",
                "@girs/mtk-14": "^14.0.0-4.0.0-beta.12",
                "@girs/polkit-1.0": "^1.0.0-4.0.0-beta.12",
                "@girs/shell-14": "^14.0.0-4.0.0-beta.12",
                "@girs/shew-0": "^0.0.0-4.0.0-beta.12",
                "@girs/st-14": "^14.0.0-4.0.0-beta.12",
                "@girs/upowerglib-1.0": "^0.99.1-4.0.0-beta.12"
            }
        },
        "node_modules/@girs/gnomebg-4.0": {
            "version": "4.0.0-4.0.0-beta.15",
            "resolved": "https://registry.npmjs.org/@girs/gnomebg-4.0/-/gnomebg-4.0-4.0.0-4.0.0-beta.15.tgz",
            "integrity": "sha512-VlbafeNasQDaAtW1nRZ0LK8/Etls3nPi4hgK01iDKUreNhy4dVZnmR4+E8pGKAkQFne6LkM82HaECZV29I7Yzw==",
            "dev": true,
            "license": "MIT",
            "dependencies": {
                "@girs/cairo-1.0": "^1.0.0-4.0.0-beta.15",
                "@girs/freetype2-2.0": "^2.0.0-4.0.0-beta.15",
                "@girs/gdesktopenums-3.0": "^3.0.0-4.0.0-beta.15",
                "@girs/gdk-4.0": "^4.0.0-4.0.0-beta.15",
                "@girs/gdkpixbuf-2.0": "^2.0.0-4.0.0-beta.15",
                "@girs/gio-2.0": "^2.80.3-4.0.0-beta.15",
                "@girs/gjs": "^4.0.0-beta.15",
                "@girs/glib-2.0": "^2.80.3-4.0.0-beta.15",
                "@girs/gmodule-2.0": "^2.0.0-4.0.0-beta.15",
                "@girs/gnomedesktop-4.0": "^4.0.0-4.0.0-beta.15",
                "@girs/gobject-2.0": "^2.80.3-4.0.0-beta.15",
                "@girs/harfbuzz-0.0": "^8.5.0-4.0.0-beta.15",
                "@girs/pango-1.0": "^1.54.0-4.0.0-beta.15",
                "@girs/pangocairo-1.0": "^1.0.0-4.0.0-beta.15"
            }
        },
        "node_modules/@girs/gnomebluetooth-3.0": {
            "version": "3.0.0-4.0.0-beta.15",
            "resolved": "https://registry.npmjs.org/@girs/gnomebluetooth-3.0/-/gnomebluetooth-3.0-3.0.0-4.0.0-beta.15.tgz",
            "integrity": "sha512-+8KIOOrZsYZuEOqV5Zjo6gir1HxakhKG6c+Kstf3lIp7YKv7luIiOfrHEPqIXGoCFnXOa/gc48r2/CfD2hxt0w==",
            "dev": true,
            "license": "MIT",
            "dependencies": {
                "@girs/gio-2.0": "^2.80.3-4.0.0-beta.15",
                "@girs/gjs": "^4.0.0-beta.15",
                "@girs/glib-2.0": "^2.80.3-4.0.0-beta.15",
                "@girs/gobject-2.0": "^2.80.3-4.0.0-beta.15"
            }
        },
        "node_modules/@girs/gnomedesktop-4.0": {
            "version": "4.0.0-4.0.0-beta.15",
            "resolved": "https://registry.npmjs.org/@girs/gnomedesktop-4.0/-/gnomedesktop-4.0-4.0.0-4.0.0-beta.15.tgz",
            "integrity": "sha512-coGmsAaw0tBT7ctvsAUO2mD001OhIbHoGgVkRq26Up19+hyzzXLn8jH2NQD5gipMXZ7s9cJzFS1IkGTcLCF1gQ==",
            "dev": true,
            "license": "MIT",
            "dependencies": {
                "@girs/gdesktopenums-3.0": "^3.0.0-4.0.0-beta.15",
                "@girs/gdkpixbuf-2.0": "^2.0.0-4.0.0-beta.15",
                "@girs/gio-2.0": "^2.80.3-4.0.0-beta.15",
                "@girs/gjs": "^4.0.0-beta.15",
                "@girs/glib-2.0": "^2.80.3-4.0.0-beta.15",
                "@girs/gmodule-2.0": "^2.0.0-4.0.0-beta.15",
                "@girs/gobject-2.0": "^2.80.3-4.0.0-beta.15"
            }
        },
        "node_modules/@girs/gobject-2.0": {
            "version": "2.80.3-4.0.0-beta.15",
            "resolved": "https://registry.npmjs.org/@girs/gobject-2.0/-/gobject-2.0-2.80.3-4.0.0-beta.15.tgz",
            "integrity": "sha512-/t1B/aaEMEa/MCIeBc69RQBI+b0kdUyY27FWIPNoG8QOXB4DNe07O9N3p1w7+QDmqw8dkLJMFexfFwdQ+5LC9w==",
            "dev": true,
            "license": "MIT",
            "dependencies": {
                "@girs/gjs": "^4.0.0-beta.15",
                "@girs/glib-2.0": "^2.80.3-4.0.0-beta.15"
            }
        },
        "node_modules/@girs/graphene-1.0": {
            "version": "1.0.0-4.0.0-beta.15",
            "resolved": "https://registry.npmjs.org/@girs/graphene-1.0/-/graphene-1.0-1.0.0-4.0.0-beta.15.tgz",
            "integrity": "sha512-XAwy/C0/8HyDUtCSlO2aSeCqj3uHgF+OwSvZ2UGgpNtEYqJjKujL785u2MQYbrseXlx4/ezxZDJn+Mp6QudRxg==",
            "dev": true,
            "license": "MIT",
            "dependencies": {
                "@girs/gjs": "^4.0.0-beta.15",
                "@girs/glib-2.0": "^2.80.3-4.0.0-beta.15",
                "@girs/gobject-2.0": "^2.80.3-4.0.0-beta.15"
            }
        },
        "node_modules/@girs/gsk-4.0": {
            "version": "4.0.0-4.0.0-beta.15",
            "resolved": "https://registry.npmjs.org/@girs/gsk-4.0/-/gsk-4.0-4.0.0-4.0.0-beta.15.tgz",
            "integrity": "sha512-STXgTgVUzjnHd98lHLqe2gNeVkTI1Yrofzl0mzTZEw22t81uY19V3pXk7cEu95XQZAxFv3cabR9TbIP3y6MR3w==",
            "dev": true,
            "license": "MIT",
            "dependencies": {
                "@girs/cairo-1.0": "^1.0.0-4.0.0-beta.15",
                "@girs/freetype2-2.0": "^2.0.0-4.0.0-beta.15",
                "@girs/gdk-4.0": "^4.0.0-4.0.0-beta.15",
                "@girs/gdkpixbuf-2.0": "^2.0.0-4.0.0-beta.15",
                "@girs/gio-2.0": "^2.80.3-4.0.0-beta.15",
                "@girs/gjs": "^4.0.0-beta.15",
                "@girs/glib-2.0": "^2.80.3-4.0.0-beta.15",
                "@girs/gmodule-2.0": "^2.0.0-4.0.0-beta.15",
                "@girs/gobject-2.0": "^2.80.3-4.0.0-beta.15",
                "@girs/graphene-1.0": "^1.0.0-4.0.0-beta.15",
                "@girs/harfbuzz-0.0": "^8.5.0-4.0.0-beta.15",
                "@girs/pango-1.0": "^1.54.0-4.0.0-beta.15",
                "@girs/pangocairo-1.0": "^1.0.0-4.0.0-beta.15"
            }
        },
        "node_modules/@girs/gtk-4.0": {
            "version": "4.14.4-4.0.0-beta.14",
            "resolved": "https://registry.npmjs.org/@girs/gtk-4.0/-/gtk-4.0-4.14.4-4.0.0-beta.14.tgz",
            "integrity": "sha512-5mUEWq7PBuxfGL//VEgRY2+1OwUm6ll6qW1yJ55skfVJWEyQo6TfGRhbortxtSgCx0yvZh3c0XLbgjYxuZ4SgQ==",
            "dev": true,
            "license": "MIT",
            "dependencies": {
                "@girs/cairo-1.0": "^1.0.0-4.0.0-beta.14",
                "@girs/freetype2-2.0": "^2.0.0-4.0.0-beta.14",
                "@girs/gdk-4.0": "^4.0.0-4.0.0-beta.14",
                "@girs/gdkpixbuf-2.0": "^2.0.0-4.0.0-beta.14",
                "@girs/gio-2.0": "^2.80.3-4.0.0-beta.14",
                "@girs/gjs": "^4.0.0-beta.14",
                "@girs/glib-2.0": "^2.80.3-4.0.0-beta.14",
                "@girs/gmodule-2.0": "^2.0.0-4.0.0-beta.14",
                "@girs/gobject-2.0": "^2.80.3-4.0.0-beta.14",
                "@girs/graphene-1.0": "^1.0.0-4.0.0-beta.14",
                "@girs/gsk-4.0": "^4.0.0-4.0.0-beta.14",
                "@girs/harfbuzz-0.0": "^8.5.0-4.0.0-beta.14",
                "@girs/pango-1.0": "^1.54.0-4.0.0-beta.14",
                "@girs/pangocairo-1.0": "^1.0.0-4.0.0-beta.14"
            }
        },
        "node_modules/@girs/gvc-1.0": {
            "version": "1.0.0-4.0.0-beta.15",
            "resolved": "https://registry.npmjs.org/@girs/gvc-1.0/-/gvc-1.0-1.0.0-4.0.0-beta.15.tgz",
            "integrity": "sha512-8XRECswoWZzKUdXzx1bsZVSRd2w4pWUxcImY06LmS/GThxjD9zqwfT8QLf9qxMA5y7ByFujvmt+HgJUZanGeDA==",
            "dev": true,
            "license": "MIT",
            "dependencies": {
                "@girs/gio-2.0": "^2.80.3-4.0.0-beta.15",
                "@girs/gjs": "^4.0.0-beta.15",
                "@girs/glib-2.0": "^2.80.3-4.0.0-beta.15",
                "@girs/gobject-2.0": "^2.80.3-4.0.0-beta.15"
            }
        },
        "node_modules/@girs/harfbuzz-0.0": {
            "version": "8.5.0-4.0.0-beta.15",
            "resolved": "https://registry.npmjs.org/@girs/harfbuzz-0.0/-/harfbuzz-0.0-8.5.0-4.0.0-beta.15.tgz",
            "integrity": "sha512-GUVTmfWgNbc9EsoE9G8NuYBCLiIfj0BD07WfDKm2/vSJ7ZYEBNLnmva2pBj7JGqp565euEaTFf4aaGJAD5IN/g==",
            "dev": true,
            "license": "MIT",
            "dependencies": {
                "@girs/freetype2-2.0": "^2.0.0-4.0.0-beta.15",
                "@girs/gjs": "^4.0.0-beta.15",
                "@girs/glib-2.0": "^2.80.3-4.0.0-beta.15",
                "@girs/gobject-2.0": "^2.80.3-4.0.0-beta.15"
            }
        },
        "node_modules/@girs/meta-14": {
            "version": "14.0.0-4.0.0-beta.15",
            "resolved": "https://registry.npmjs.org/@girs/meta-14/-/meta-14-14.0.0-4.0.0-beta.15.tgz",
            "integrity": "sha512-Fi1+6hj7ls9uYaC1JI4SgZdAfqwNjo5c6uar8R9RCSCMXoND0ZQggpB6SLAbKltdgOMqAjATXDxjf6jK1TP0iQ==",
            "dev": true,
            "license": "MIT",
            "dependencies": {
                "@girs/atk-1.0": "^2.52.0-4.0.0-beta.15",
                "@girs/cairo-1.0": "^1.0.0-4.0.0-beta.15",
                "@girs/clutter-14": "^14.0.0-4.0.0-beta.15",
                "@girs/cogl-14": "^14.0.0-4.0.0-beta.15",
                "@girs/coglpango-14": "^14.0.0-4.0.0-beta.15",
                "@girs/freetype2-2.0": "^2.0.0-4.0.0-beta.15",
                "@girs/gdesktopenums-3.0": "^3.0.0-4.0.0-beta.15",
                "@girs/gio-2.0": "^2.80.3-4.0.0-beta.15",
                "@girs/gjs": "^4.0.0-beta.15",
                "@girs/gl-1.0": "^1.0.0-4.0.0-beta.15",
                "@girs/glib-2.0": "^2.80.3-4.0.0-beta.15",
                "@girs/gobject-2.0": "^2.80.3-4.0.0-beta.15",
                "@girs/graphene-1.0": "^1.0.0-4.0.0-beta.15",
                "@girs/harfbuzz-0.0": "^8.5.0-4.0.0-beta.15",
                "@girs/mtk-14": "^14.0.0-4.0.0-beta.15",
                "@girs/pango-1.0": "^1.54.0-4.0.0-beta.15",
                "@girs/pangocairo-1.0": "^1.0.0-4.0.0-beta.15",
                "@girs/xfixes-4.0": "^4.0.0-4.0.0-beta.15",
                "@girs/xlib-2.0": "^2.0.0-4.0.0-beta.15"
            }
        },
        "node_modules/@girs/mtk-14": {
            "version": "14.0.0-4.0.0-beta.15",
            "resolved": "https://registry.npmjs.org/@girs/mtk-14/-/mtk-14-14.0.0-4.0.0-beta.15.tgz",
            "integrity": "sha512-l54mwaSVQP3XTq8o12jnupwqyclZhcjkphBb23qNbisBWVC68RHGIYxHUkqSZToZOIwHAUQnYmzRd4ePL/Ae2A==",
            "dev": true,
            "license": "MIT",
            "dependencies": {
                "@girs/gjs": "^4.0.0-beta.15",
                "@girs/glib-2.0": "^2.80.3-4.0.0-beta.15",
                "@girs/gobject-2.0": "^2.80.3-4.0.0-beta.15",
                "@girs/graphene-1.0": "^1.0.0-4.0.0-beta.15"
            }
        },
        "node_modules/@girs/nm-1.0": {
            "version": "1.46.0-4.0.0-beta.15",
            "resolved": "https://registry.npmjs.org/@girs/nm-1.0/-/nm-1.0-1.46.0-4.0.0-beta.15.tgz",
            "integrity": "sha512-LYCl3mMNhLpg1XJP6J6uhEWpj9l/U0P4Zin06fFgmZfmKmKz7iAQ9lEAyMr89cLECMa+fHmE2eXBZbdscZDR0g==",
            "dev": true,
            "license": "MIT",
            "dependencies": {
                "@girs/gio-2.0": "^2.80.3-4.0.0-beta.15",
                "@girs/gjs": "^4.0.0-beta.15",
                "@girs/glib-2.0": "^2.80.3-4.0.0-beta.15",
                "@girs/gobject-2.0": "^2.80.3-4.0.0-beta.15"
            }
        },
        "node_modules/@girs/pango-1.0": {
            "version": "1.54.0-4.0.0-beta.15",
            "resolved": "https://registry.npmjs.org/@girs/pango-1.0/-/pango-1.0-1.54.0-4.0.0-beta.15.tgz",
            "integrity": "sha512-kFPK1K6j9uanpf2A+6M/5zFvikqvsoybDTD9hK0sn2vhYeD35dDVvUaq3EhA8wLEMdJF6EERxdOJMC0diqBqOQ==",
            "dev": true,
            "license": "MIT",
            "dependencies": {
                "@girs/cairo-1.0": "^1.0.0-4.0.0-beta.15",
                "@girs/freetype2-2.0": "^2.0.0-4.0.0-beta.15",
                "@girs/gio-2.0": "^2.80.3-4.0.0-beta.15",
                "@girs/gjs": "^4.0.0-beta.15",
                "@girs/glib-2.0": "^2.80.3-4.0.0-beta.15",
                "@girs/gobject-2.0": "^2.80.3-4.0.0-beta.15",
                "@girs/harfbuzz-0.0": "^8.5.0-4.0.0-beta.15"
            }
        },
        "node_modules/@girs/pangocairo-1.0": {
            "version": "1.0.0-4.0.0-beta.15",
            "resolved": "https://registry.npmjs.org/@girs/pangocairo-1.0/-/pangocairo-1.0-1.0.0-4.0.0-beta.15.tgz",
            "integrity": "sha512-mdtGHyaSdbY9m4yFpANDUkDNPDLeYyEIeztGXeaRGRhGlMD4OPTVzhKvI/kdZBlQFffK4+/07gW+TzFmRFSIxA==",
            "dev": true,
            "license": "MIT",
            "dependencies": {
                "@girs/cairo-1.0": "^1.0.0-4.0.0-beta.15",
                "@girs/freetype2-2.0": "^2.0.0-4.0.0-beta.15",
                "@girs/gio-2.0": "^2.80.3-4.0.0-beta.15",
                "@girs/gjs": "^4.0.0-beta.15",
                "@girs/glib-2.0": "^2.80.3-4.0.0-beta.15",
                "@girs/gobject-2.0": "^2.80.3-4.0.0-beta.15",
                "@girs/harfbuzz-0.0": "^8.5.0-4.0.0-beta.15",
                "@girs/pango-1.0": "^1.54.0-4.0.0-beta.15"
            }
        },
        "node_modules/@girs/polkit-1.0": {
            "version": "1.0.0-4.0.0-beta.15",
            "resolved": "https://registry.npmjs.org/@girs/polkit-1.0/-/polkit-1.0-1.0.0-4.0.0-beta.15.tgz",
            "integrity": "sha512-B3Md7ugs7FtKeeUot1ipgKYalvv9adoMF+vgkfWiNIG9DytfO17j/zPJGw4eZ2OHC3+KtPWIjk6To5rQw3WRjw==",
            "dev": true,
            "license": "MIT",
            "dependencies": {
                "@girs/gio-2.0": "^2.80.3-4.0.0-beta.15",
                "@girs/gjs": "^4.0.0-beta.15",
                "@girs/glib-2.0": "^2.80.3-4.0.0-beta.15",
                "@girs/gobject-2.0": "^2.80.3-4.0.0-beta.15"
            }
        },
        "node_modules/@girs/polkitagent-1.0": {
            "version": "1.0.0-4.0.0-beta.15",
            "resolved": "https://registry.npmjs.org/@girs/polkitagent-1.0/-/polkitagent-1.0-1.0.0-4.0.0-beta.15.tgz",
            "integrity": "sha512-lRWmpQ85aSZRoI0qn3Jwh0IdzCd6da0vTC5rLo0w6X45Kh1fybI8GFQvVWkbzig6rTKPzZm1/UnFLl9OT/UcZw==",
            "dev": true,
            "license": "MIT",
            "dependencies": {
                "@girs/gio-2.0": "^2.80.3-4.0.0-beta.15",
                "@girs/gjs": "^4.0.0-beta.15",
                "@girs/glib-2.0": "^2.80.3-4.0.0-beta.15",
                "@girs/gobject-2.0": "^2.80.3-4.0.0-beta.15",
                "@girs/polkit-1.0": "^1.0.0-4.0.0-beta.15"
            }
        },
        "node_modules/@girs/shell-14": {
            "version": "14.0.0-4.0.0-beta.15",
            "resolved": "https://registry.npmjs.org/@girs/shell-14/-/shell-14-14.0.0-4.0.0-beta.15.tgz",
            "integrity": "sha512-EPAPDgb27tqD28Isasolg8HADfFKMEAhEXUziJI+L5gwYg0sCz2V94AAECLjeUUe2oo1dOdO+v6fqAK4HfvPOQ==",
            "dev": true,
            "license": "MIT",
            "dependencies": {
                "@girs/atk-1.0": "^2.52.0-4.0.0-beta.15",
                "@girs/cairo-1.0": "^1.0.0-4.0.0-beta.15",
                "@girs/cally-14": "^14.0.0-4.0.0-beta.15",
                "@girs/clutter-14": "^14.0.0-4.0.0-beta.15",
                "@girs/cogl-14": "^14.0.0-4.0.0-beta.15",
                "@girs/coglpango-14": "^14.0.0-4.0.0-beta.15",
                "@girs/freetype2-2.0": "^2.0.0-4.0.0-beta.15",
                "@girs/gck-2": "^4.3.0-4.0.0-beta.15",
                "@girs/gcr-4": "^4.3.0-4.0.0-beta.15",
                "@girs/gdesktopenums-3.0": "^3.0.0-4.0.0-beta.15",
                "@girs/gdkpixbuf-2.0": "^2.0.0-4.0.0-beta.15",
                "@girs/gio-2.0": "^2.80.3-4.0.0-beta.15",
                "@girs/gjs": "^4.0.0-beta.15",
                "@girs/gl-1.0": "^1.0.0-4.0.0-beta.15",
                "@girs/glib-2.0": "^2.80.3-4.0.0-beta.15",
                "@girs/gmodule-2.0": "^2.0.0-4.0.0-beta.15",
                "@girs/gobject-2.0": "^2.80.3-4.0.0-beta.15",
                "@girs/graphene-1.0": "^1.0.0-4.0.0-beta.15",
                "@girs/gvc-1.0": "^1.0.0-4.0.0-beta.15",
                "@girs/harfbuzz-0.0": "^8.5.0-4.0.0-beta.15",
                "@girs/meta-14": "^14.0.0-4.0.0-beta.15",
                "@girs/mtk-14": "^14.0.0-4.0.0-beta.15",
                "@girs/nm-1.0": "^1.46.0-4.0.0-beta.15",
                "@girs/pango-1.0": "^1.54.0-4.0.0-beta.15",
                "@girs/pangocairo-1.0": "^1.0.0-4.0.0-beta.15",
                "@girs/polkit-1.0": "^1.0.0-4.0.0-beta.15",
                "@girs/polkitagent-1.0": "^1.0.0-4.0.0-beta.15",
                "@girs/st-14": "^14.0.0-4.0.0-beta.15",
                "@girs/xfixes-4.0": "^4.0.0-4.0.0-beta.15",
                "@girs/xlib-2.0": "^2.0.0-4.0.0-beta.15"
            }
        },
        "node_modules/@girs/shew-0": {
            "version": "0.0.0-4.0.0-beta.15",
            "resolved": "https://registry.npmjs.org/@girs/shew-0/-/shew-0-0.0.0-4.0.0-beta.15.tgz",
            "integrity": "sha512-3CRmWcVNqQkF4J4dsDKHDGEy/bRFcKm+iYMMhcXsJDlN4EJymBr23UDrkFRR8n5bxEb81xT/dkIosrpJKWRoKg==",
            "dev": true,
            "license": "MIT",
            "dependencies": {
                "@girs/cairo-1.0": "^1.0.0-4.0.0-beta.15",
                "@girs/freetype2-2.0": "^2.0.0-4.0.0-beta.15",
                "@girs/gdk-4.0": "^4.0.0-4.0.0-beta.15",
                "@girs/gdkpixbuf-2.0": "^2.0.0-4.0.0-beta.15",
                "@girs/gio-2.0": "^2.80.3-4.0.0-beta.15",
                "@girs/gjs": "^4.0.0-beta.15",
                "@girs/glib-2.0": "^2.80.3-4.0.0-beta.15",
                "@girs/gmodule-2.0": "^2.0.0-4.0.0-beta.15",
                "@girs/gobject-2.0": "^2.80.3-4.0.0-beta.15",
                "@girs/graphene-1.0": "^1.0.0-4.0.0-beta.15",
                "@girs/gsk-4.0": "^4.0.0-4.0.0-beta.15",
                "@girs/gtk-4.0": "^4.14.5-4.0.0-beta.15",
                "@girs/harfbuzz-0.0": "^8.5.0-4.0.0-beta.15",
                "@girs/pango-1.0": "^1.54.0-4.0.0-beta.15",
                "@girs/pangocairo-1.0": "^1.0.0-4.0.0-beta.15"
            }
        },
        "node_modules/@girs/shew-0/node_modules/@girs/gtk-4.0": {
            "version": "4.14.5-4.0.0-beta.15",
            "resolved": "https://registry.npmjs.org/@girs/gtk-4.0/-/gtk-4.0-4.14.5-4.0.0-beta.15.tgz",
            "integrity": "sha512-V0UBv3PuBTipBn/JvU6lFsgS5cvR5LhWqC/DIYWtlYHaz6a73Z9fJPdl1CBW6DAKLfBuhf3EGQsHkv2os2yrNw==",
            "dev": true,
            "license": "MIT",
            "dependencies": {
                "@girs/cairo-1.0": "^1.0.0-4.0.0-beta.15",
                "@girs/freetype2-2.0": "^2.0.0-4.0.0-beta.15",
                "@girs/gdk-4.0": "^4.0.0-4.0.0-beta.15",
                "@girs/gdkpixbuf-2.0": "^2.0.0-4.0.0-beta.15",
                "@girs/gio-2.0": "^2.80.3-4.0.0-beta.15",
                "@girs/gjs": "^4.0.0-beta.15",
                "@girs/glib-2.0": "^2.80.3-4.0.0-beta.15",
                "@girs/gmodule-2.0": "^2.0.0-4.0.0-beta.15",
                "@girs/gobject-2.0": "^2.80.3-4.0.0-beta.15",
                "@girs/graphene-1.0": "^1.0.0-4.0.0-beta.15",
                "@girs/gsk-4.0": "^4.0.0-4.0.0-beta.15",
                "@girs/harfbuzz-0.0": "^8.5.0-4.0.0-beta.15",
                "@girs/pango-1.0": "^1.54.0-4.0.0-beta.15",
                "@girs/pangocairo-1.0": "^1.0.0-4.0.0-beta.15"
            }
        },
        "node_modules/@girs/st-14": {
            "version": "14.0.0-4.0.0-beta.15",
            "resolved": "https://registry.npmjs.org/@girs/st-14/-/st-14-14.0.0-4.0.0-beta.15.tgz",
            "integrity": "sha512-lvUESWJe4kYgFW8q8G4xC0vEgYLVd/y0ZIdDf3U69KUQt6oa6Xvc/ZCYRsLlFViloDgDxa9quMukl8vF+pEzjA==",
            "dev": true,
            "license": "MIT",
            "dependencies": {
                "@girs/atk-1.0": "^2.52.0-4.0.0-beta.15",
                "@girs/cairo-1.0": "^1.0.0-4.0.0-beta.15",
                "@girs/cally-14": "^14.0.0-4.0.0-beta.15",
                "@girs/clutter-14": "^14.0.0-4.0.0-beta.15",
                "@girs/cogl-14": "^14.0.0-4.0.0-beta.15",
                "@girs/coglpango-14": "^14.0.0-4.0.0-beta.15",
                "@girs/freetype2-2.0": "^2.0.0-4.0.0-beta.15",
                "@girs/gdesktopenums-3.0": "^3.0.0-4.0.0-beta.15",
                "@girs/gdkpixbuf-2.0": "^2.0.0-4.0.0-beta.15",
                "@girs/gio-2.0": "^2.80.3-4.0.0-beta.15",
                "@girs/gjs": "^4.0.0-beta.15",
                "@girs/gl-1.0": "^1.0.0-4.0.0-beta.15",
                "@girs/glib-2.0": "^2.80.3-4.0.0-beta.15",
                "@girs/gmodule-2.0": "^2.0.0-4.0.0-beta.15",
                "@girs/gobject-2.0": "^2.80.3-4.0.0-beta.15",
                "@girs/graphene-1.0": "^1.0.0-4.0.0-beta.15",
                "@girs/harfbuzz-0.0": "^8.5.0-4.0.0-beta.15",
                "@girs/meta-14": "^14.0.0-4.0.0-beta.15",
                "@girs/mtk-14": "^14.0.0-4.0.0-beta.15",
                "@girs/pango-1.0": "^1.54.0-4.0.0-beta.15",
                "@girs/pangocairo-1.0": "^1.0.0-4.0.0-beta.15",
                "@girs/xfixes-4.0": "^4.0.0-4.0.0-beta.15",
                "@girs/xlib-2.0": "^2.0.0-4.0.0-beta.15"
            }
        },
        "node_modules/@girs/upowerglib-1.0": {
            "version": "0.99.1-4.0.0-beta.15",
            "resolved": "https://registry.npmjs.org/@girs/upowerglib-1.0/-/upowerglib-1.0-0.99.1-4.0.0-beta.15.tgz",
            "integrity": "sha512-t7NL7XaUVWgh/DFFHdoI2e2dnsxu0NXH5j1EtNDN59RLwrENNIP4JCmVG87eJN5152RNdcZgf2UEONcpguFMzQ==",
            "dev": true,
            "license": "MIT",
            "dependencies": {
                "@girs/gio-2.0": "^2.80.3-4.0.0-beta.15",
                "@girs/gjs": "^4.0.0-beta.15",
                "@girs/glib-2.0": "^2.80.3-4.0.0-beta.15",
                "@girs/gobject-2.0": "^2.80.3-4.0.0-beta.15"
            }
        },
        "node_modules/@girs/xfixes-4.0": {
            "version": "4.0.0-4.0.0-beta.15",
            "resolved": "https://registry.npmjs.org/@girs/xfixes-4.0/-/xfixes-4.0-4.0.0-4.0.0-beta.15.tgz",
            "integrity": "sha512-ZRjmRIW+nlakofM3b20wcL0W/Gksls9kthM6YyC3BwsWVPG8zRUtRiC6uktN8yYM7km6l4g2C5QohRn04eNSDg==",
            "dev": true,
            "license": "MIT",
            "dependencies": {
                "@girs/gjs": "^4.0.0-beta.15",
                "@girs/gobject-2.0": "^2.80.3-4.0.0-beta.15"
            }
        },
        "node_modules/@girs/xlib-2.0": {
            "version": "2.0.0-4.0.0-beta.15",
            "resolved": "https://registry.npmjs.org/@girs/xlib-2.0/-/xlib-2.0-2.0.0-4.0.0-beta.15.tgz",
            "integrity": "sha512-RLQDsRoBPfWiIeBgnjnck6evfjiWQEs4p1A5asQ3dL3m3zbtX9ynUf5LEMV9xQdJt7EVBAucwkMB9O2Hd5IR6w==",
            "dev": true,
            "license": "MIT",
            "dependencies": {
                "@girs/gjs": "^4.0.0-beta.15",
                "@girs/gobject-2.0": "^2.80.3-4.0.0-beta.15"
            }
        },
        "node_modules/typescript": {
            "version": "5.6.2",
            "resolved": "https://registry.npmjs.org/typescript/-/typescript-5.6.2.tgz",
            "integrity": "sha512-NW8ByodCSNCwZeghjN3o+JX5OFH0Ojg6sadjEKY4huZ52TqbJTJnDo5+Tw98lSy63NZvi4n+ez5m2u5d4PkZyw==",
            "dev": true,
            "license": "Apache-2.0",
            "bin": {
                "tsc": "bin/tsc",
                "tsserver": "bin/tsserver"
            },
            "engines": {
                "node": ">=14.17"
            }
        }
    }
}
