{
    "name": "gnome-shell-extension-rounded-corners-effect",
    "version": "v1",
    "lockfileVersion": 3,
    "requires": true,
    "packages": {
        "": {
            "name": "gnome-shell-extension-rounded-corners-effect",
            "version": "v1",
            "license": "GPL-3.0-or-later",
            "devDependencies": {
                "@biomejs/biome": "1.7.2",
                "@gi-types/adw1": "^1.1.1",
                "@gi-types/gtk4": "^4.6.1",
                "@gi-types/meta10": "^10.0.1",
                "@gi-types/shell0": "^0.1.1",
                "typescript": "^4.7.4"
            }
        },
        "node_modules/@biomejs/biome": {
            "version": "1.7.2",
            "resolved": "https://registry.npmjs.org/@biomejs/biome/-/biome-1.7.2.tgz",
            "integrity": "sha512-6Skx9N47inLQzYi9RKgJ7PBnUnaHnMe/imqX43cOcJjZtfMnQLxEvfM2Eyo7gChkwrZlwc+VbA4huFRjw2fsYA==",
            "dev": true,
            "hasInstallScript": true,
            "bin": {
                "biome": "bin/biome"
            },
            "engines": {
                "node": ">=14.21.3"
            },
            "funding": {
                "type": "opencollective",
                "url": "https://opencollective.com/biome"
            },
            "optionalDependencies": {
                "@biomejs/cli-darwin-arm64": "1.7.2",
                "@biomejs/cli-darwin-x64": "1.7.2",
                "@biomejs/cli-linux-arm64": "1.7.2",
                "@biomejs/cli-linux-arm64-musl": "1.7.2",
                "@biomejs/cli-linux-x64": "1.7.2",
                "@biomejs/cli-linux-x64-musl": "1.7.2",
                "@biomejs/cli-win32-arm64": "1.7.2",
                "@biomejs/cli-win32-x64": "1.7.2"
            }
        },
        "node_modules/@biomejs/cli-darwin-arm64": {
            "version": "1.7.2",
            "resolved": "https://registry.npmjs.org/@biomejs/cli-darwin-arm64/-/cli-darwin-arm64-1.7.2.tgz",
            "integrity": "sha512-CrldIueHivWEWmeTkK8bTXajeX53F8i2Rrkkt8cPZyMtzkrwxf8Riq4a/jz3SQBHkxHFT4TqGbSTNMXe3X1ogA==",
            "cpu": [
                "arm64"
            ],
            "dev": true,
            "optional": true,
            "os": [
                "darwin"
            ],
            "engines": {
                "node": ">=14.21.3"
            }
        },
        "node_modules/@biomejs/cli-darwin-x64": {
            "version": "1.7.2",
            "resolved": "https://registry.npmjs.org/@biomejs/cli-darwin-x64/-/cli-darwin-x64-1.7.2.tgz",
            "integrity": "sha512-UELnLJuJOsTL9meArvn8BtiXDURyPil2Ej9me2uVpEvee8UQdqd/bssP5we400OWShlL1AAML4fn6d2WX5332g==",
            "cpu": [
                "x64"
            ],
            "dev": true,
            "optional": true,
            "os": [
                "darwin"
            ],
            "engines": {
                "node": ">=14.21.3"
            }
        },
        "node_modules/@biomejs/cli-linux-arm64": {
            "version": "1.7.2",
            "resolved": "https://registry.npmjs.org/@biomejs/cli-linux-arm64/-/cli-linux-arm64-1.7.2.tgz",
            "integrity": "sha512-Z1CSGQE6fHz55gkiFHv9E8wEAaSUd7dHSRaxSCBa7utonHqpIeMbvj3Evm1w0WfGLFDtRXLV1fTfEdM0FMTOhA==",
            "cpu": [
                "arm64"
            ],
            "dev": true,
            "optional": true,
            "os": [
                "linux"
            ],
            "engines": {
                "node": ">=14.21.3"
            }
        },
        "node_modules/@biomejs/cli-linux-arm64-musl": {
            "version": "1.7.2",
            "resolved": "https://registry.npmjs.org/@biomejs/cli-linux-arm64-musl/-/cli-linux-arm64-musl-1.7.2.tgz",
            "integrity": "sha512-kKYZiem7Sj7wI0dpVxJlK7C+TFQwzO/ctufIGXGJAyEmUe9vEKSzV8CXpv+JIRiTWyqaZJ4K+eHz4SPdPCv05w==",
            "cpu": [
                "arm64"
            ],
            "dev": true,
            "optional": true,
            "os": [
                "linux"
            ],
            "engines": {
                "node": ">=14.21.3"
            }
        },
        "node_modules/@biomejs/cli-linux-x64": {
            "version": "1.7.2",
            "resolved": "https://registry.npmjs.org/@biomejs/cli-linux-x64/-/cli-linux-x64-1.7.2.tgz",
            "integrity": "sha512-vXXyox8/CQijBxAu0+r8FfSO7JlC4tob3PbaFda8gPJFRz2uFJw39HtxVUwbTV1EcU6wSPh4SiRu5sZfP1VHrQ==",
            "cpu": [
                "x64"
            ],
            "dev": true,
            "optional": true,
            "os": [
                "linux"
            ],
            "engines": {
                "node": ">=14.21.3"
            }
        },
        "node_modules/@biomejs/cli-linux-x64-musl": {
            "version": "1.7.2",
            "resolved": "https://registry.npmjs.org/@biomejs/cli-linux-x64-musl/-/cli-linux-x64-musl-1.7.2.tgz",
            "integrity": "sha512-x10LpGMepDrLS+h2TZ6/T7egpHjGKtiI4GuShNylmBQJWfTotbFf9eseHggrqJ4WZf9yrGoVYrtbxXftuB95sQ==",
            "cpu": [
                "x64"
            ],
            "dev": true,
            "optional": true,
            "os": [
                "linux"
            ],
            "engines": {
                "node": ">=14.21.3"
            }
        },
        "node_modules/@biomejs/cli-win32-arm64": {
            "version": "1.7.2",
            "resolved": "https://registry.npmjs.org/@biomejs/cli-win32-arm64/-/cli-win32-arm64-1.7.2.tgz",
            "integrity": "sha512-kRXdlKzcU7INf6/ldu0nVmkOgt7bKqmyXRRCUqqaJfA32+9InTbkD8tGrHZEVYIWr+eTuKcg16qZVDsPSDFZ8g==",
            "cpu": [
                "arm64"
            ],
            "dev": true,
            "optional": true,
            "os": [
                "win32"
            ],
            "engines": {
                "node": ">=14.21.3"
            }
        },
        "node_modules/@biomejs/cli-win32-x64": {
            "version": "1.7.2",
            "resolved": "https://registry.npmjs.org/@biomejs/cli-win32-x64/-/cli-win32-x64-1.7.2.tgz",
            "integrity": "sha512-qHTtpAs+CNglAAuaTy09htoqUhrQyd3nd0aGTuLNqD10h1llMVi8WFZfoa+e5MuDSfYtMK6nW2Tbf6WgzzR1Qw==",
            "cpu": [
                "x64"
            ],
            "dev": true,
            "optional": true,
            "os": [
                "win32"
            ],
            "engines": {
                "node": ">=14.21.3"
            }
        },
        "node_modules/@gi-types/adw1": {
            "version": "1.1.1",
            "resolved": "https://registry.npmjs.org/@gi-types/adw1/-/adw1-1.1.1.tgz",
            "integrity": "sha512-w+NxplCUf2AeVdSwkicbVrIOB5QJd9BQo1BI3Xq+2IZkgMRePIUG9/eGsrvmzxKU00EiH211KEwqGe/2UOmomQ==",
            "dev": true,
            "dependencies": {
                "@gi-types/gdk4": "^4.0.1",
                "@gi-types/gio2": "^2.68.0",
                "@gi-types/glib2": "^2.68.0",
                "@gi-types/gobject2": "^2.68.0",
                "@gi-types/gsk4": "^4.0.1",
                "@gi-types/gtk4": "^4.6.1"
            }
        },
        "node_modules/@gi-types/atk1": {
            "version": "2.36.0",
            "resolved": "https://registry.npmjs.org/@gi-types/atk1/-/atk1-2.36.0.tgz",
            "integrity": "sha512-lCuoaJwqFDV+V+sf4mOcciLCJitiUsGNg/W2Q5Y+21FycPZqlsjgXb0pimo7gLdq11d1lEfHffh3AkY80+7SHw==",
            "dev": true,
            "dependencies": {
                "@gi-types/glib2": "^2.68.0",
                "@gi-types/gobject2": "^2.68.0"
            }
        },
        "node_modules/@gi-types/cairo1": {
            "version": "1.0.1",
            "resolved": "https://registry.npmjs.org/@gi-types/cairo1/-/cairo1-1.0.1.tgz",
            "integrity": "sha512-Q92XKfTWVmtF3LBX9Kx7TkdRjeaZeb8llC01p9WgbkVfFX1d2VO4LrqYgeNkThwmJpscHzDzGF0uv5njsfd4xg==",
            "dev": true,
            "dependencies": {
                "@gi-types/gobject2": "^2.72.1"
            }
        },
        "node_modules/@gi-types/cally10": {
            "version": "10.0.1",
            "resolved": "https://registry.npmjs.org/@gi-types/cally10/-/cally10-10.0.1.tgz",
            "integrity": "sha512-q4QOjuvXtVxHPC81eWkUl3cmnTjn5VgfhdMyphnym4vRd1JmBpYCQxvGBMpePaqwwxolgUccdVeUYv671XCenA==",
            "dev": true,
            "dependencies": {
                "@gi-types/atk1": "^2.36.0",
                "@gi-types/clutter10": "^10.0.1",
                "@gi-types/gobject2": "^2.72.1"
            }
        },
        "node_modules/@gi-types/clutter10": {
            "version": "10.0.1",
            "resolved": "https://registry.npmjs.org/@gi-types/clutter10/-/clutter10-10.0.1.tgz",
            "integrity": "sha512-RID6cMWeIFP4ikkd3GLymEG/KbWnQYBz3DAte+HjWOxbP/yAKlfDWrz3CwVM0NO+pIbD7zeCgdFbcCaXC9u2Ww==",
            "dev": true,
            "dependencies": {
                "@gi-types/atk1": "^2.36.0",
                "@gi-types/cairo1": "^1.0.1",
                "@gi-types/cogl10": "^10.0.1",
                "@gi-types/gio2": "^2.72.1",
                "@gi-types/glib2": "^2.72.1",
                "@gi-types/gobject2": "^2.72.1",
                "@gi-types/graphene1": "^1.0.1",
                "@gi-types/json1": "^1.6.1",
                "@gi-types/pango1": "^1.50.1"
            }
        },
        "node_modules/@gi-types/cogl10": {
            "version": "10.0.1",
            "resolved": "https://registry.npmjs.org/@gi-types/cogl10/-/cogl10-10.0.1.tgz",
            "integrity": "sha512-n4Kf019kVog/X+YCjvIBXKgOv5zmJWaWHjpPViKs4ydH5X/LKqM23EpYGvyvDgFOFV4y/cv9i6/RMcb5rgCeHA==",
            "dev": true,
            "dependencies": {
                "@gi-types/cairo1": "^1.0.1",
                "@gi-types/glib2": "^2.72.1",
                "@gi-types/gobject2": "^2.72.1",
                "@gi-types/graphene1": "^1.0.1"
            }
        },
        "node_modules/@gi-types/freetype22": {
            "version": "2.0.1",
            "resolved": "https://registry.npmjs.org/@gi-types/freetype22/-/freetype22-2.0.1.tgz",
            "integrity": "sha512-3p4XvTSn6o1UCGpla/1KhvMIwZkgIyBtGErbnXuAvGzULtlseQjX2IljY4fi2FKtFd9ngRtIIF71inRPUIj+1w==",
            "dev": true,
            "dependencies": {
                "@gi-types/gobject2": "^2.72.1"
            }
        },
        "node_modules/@gi-types/gck1": {
            "version": "1.0.1",
            "resolved": "https://registry.npmjs.org/@gi-types/gck1/-/gck1-1.0.1.tgz",
            "integrity": "sha512-EkLhQvsb/qHBffTJ5j9aK/KX2nE8LTHDbPSMrXtaTWz3yQYuRDqTyXJWVVUxfcXwKliE9GYyqEOAiXlXCamFHQ==",
            "dev": true,
            "dependencies": {
                "@gi-types/gio2": "^2.72.1",
                "@gi-types/glib2": "^2.72.1",
                "@gi-types/gobject2": "^2.72.1"
            }
        },
        "node_modules/@gi-types/gcr3": {
            "version": "3.41.1",
            "resolved": "https://registry.npmjs.org/@gi-types/gcr3/-/gcr3-3.41.1.tgz",
            "integrity": "sha512-sZWGbOQlbtwNoggDDBqFxD1lAyGpIEg7TR5RVVrcQfaMwo7yIkRahvXCy7XCoYnWsEmAw46fEdUI5408Ykn8/g==",
            "dev": true,
            "dependencies": {
                "@gi-types/gck1": "^1.0.1",
                "@gi-types/gio2": "^2.72.1",
                "@gi-types/glib2": "^2.72.1",
                "@gi-types/gobject2": "^2.72.1"
            }
        },
        "node_modules/@gi-types/gdesktopenums3": {
            "version": "3.0.1",
            "resolved": "https://registry.npmjs.org/@gi-types/gdesktopenums3/-/gdesktopenums3-3.0.1.tgz",
            "integrity": "sha512-qIzerTlLUhoMXS6TCV0vxNaYFBs1Oy4BY84srjv3NYsCG2auWGVNRVS2qn1r9ztRpWwAzEYO4KASitVi5zUoGA==",
            "dev": true,
            "dependencies": {
                "@gi-types/gobject2": "^2.68.0"
            }
        },
        "node_modules/@gi-types/gdk3": {
            "version": "3.24.1",
            "resolved": "https://registry.npmjs.org/@gi-types/gdk3/-/gdk3-3.24.1.tgz",
            "integrity": "sha512-0RLHMYjpuWSgnOgC83ThEPTQREnRR3wuxuYj6zfWSwmSJarLpSM0hCo8Xszew2k7RW/tybUqEfPdH4Bw7dnbJA==",
            "dev": true,
            "dependencies": {
                "@gi-types/cairo1": "^1.0.0",
                "@gi-types/gdkpixbuf2": "^2.0.0",
                "@gi-types/gio2": "^2.68.0",
                "@gi-types/glib2": "^2.68.0",
                "@gi-types/gobject2": "^2.68.0",
                "@gi-types/pango1": "^1.0.0"
            }
        },
        "node_modules/@gi-types/gdk4": {
            "version": "4.0.1",
            "resolved": "https://registry.npmjs.org/@gi-types/gdk4/-/gdk4-4.0.1.tgz",
            "integrity": "sha512-Msf4bWdw8A0qorTvbvWgCwMno8nUCGLiDcEhNI6iqh6o8IJKchID9a51j6KeqpHkwSPZAcaR2TKM+CVafa4pOw==",
            "dev": true,
            "dependencies": {
                "@gi-types/cairo1": "^1.0.0",
                "@gi-types/gdkpixbuf2": "^2.0.0",
                "@gi-types/gio2": "^2.68.0",
                "@gi-types/glib2": "^2.68.0",
                "@gi-types/gobject2": "^2.68.0",
                "@gi-types/pango1": "^1.0.0"
            }
        },
        "node_modules/@gi-types/gdkpixbuf2": {
            "version": "2.0.2",
            "resolved": "https://registry.npmjs.org/@gi-types/gdkpixbuf2/-/gdkpixbuf2-2.0.2.tgz",
            "integrity": "sha512-vwopihyKOjJszDPvMj+T2XO6hMWYRmhW/uSrfCeCudMhzmJBrpIzmRZTYfeTgMMDU8cuWydCjacbiD7hSio0tw==",
            "dev": true,
            "dependencies": {
                "@gi-types/gio2": "^2.72.1",
                "@gi-types/glib2": "^2.72.1",
                "@gi-types/gmodule2": "^2.0.1",
                "@gi-types/gobject2": "^2.72.1"
            }
        },
        "node_modules/@gi-types/gio2": {
            "version": "2.72.1",
            "resolved": "https://registry.npmjs.org/@gi-types/gio2/-/gio2-2.72.1.tgz",
            "integrity": "sha512-V3ASxEbq4xBdw/rcROEbNrTqtFtWfwFOcOsXO+48JPIEqZRTJZcf9LX/ATxi9hxaZXogpmOBMsxuyNsd5ZQXyA==",
            "dev": true,
            "dependencies": {
                "@gi-types/glib2": "^2.72.1",
                "@gi-types/gobject2": "^2.72.1"
            }
        },
        "node_modules/@gi-types/glib2": {
            "version": "2.72.1",
            "resolved": "https://registry.npmjs.org/@gi-types/glib2/-/glib2-2.72.1.tgz",
            "integrity": "sha512-Mfhs1UGV1a0GOLolqA1xC2oVV5cILbJjGh/M9Db3irqWNIWGM0LUFkoG2nRMBpJ0enhIYbqY9CCpGlMpAnyxOw==",
            "dev": true,
            "dependencies": {
                "@gi-types/gobject2": "^2.72.1"
            }
        },
        "node_modules/@gi-types/gmodule2": {
            "version": "2.0.1",
            "resolved": "https://registry.npmjs.org/@gi-types/gmodule2/-/gmodule2-2.0.1.tgz",
            "integrity": "sha512-thIYqYL3ALKBLR/zpjrlXro1m9UTv6eAYyuIdpPtmQvlaggBLoUakYl6mzNmqcb22OIlq/8jJrVx+cjFxdPd/A==",
            "dev": true,
            "dependencies": {
                "@gi-types/glib2": "^2.72.1",
                "@gi-types/gobject2": "^2.72.1"
            }
        },
        "node_modules/@gi-types/gobject2": {
            "version": "2.72.1",
            "resolved": "https://registry.npmjs.org/@gi-types/gobject2/-/gobject2-2.72.1.tgz",
            "integrity": "sha512-1UUD2zzwRo7vJLu0J62L1cgB39wjYNs1+6qS0UBhdLhzkOWK+CnVII9CNh21Z4YBs0Oa2d5REeGUiZO4d7a6Zw==",
            "dev": true,
            "dependencies": {
                "@gi-types/glib2": "^2.72.1"
            }
        },
        "node_modules/@gi-types/graphene1": {
            "version": "1.0.1",
            "resolved": "https://registry.npmjs.org/@gi-types/graphene1/-/graphene1-1.0.1.tgz",
            "integrity": "sha512-O5cJG/eIi912eF1zcaXrSur25LgMJDU+VhFDnYuO4Latj32eypFJf5Sw3KOZvN2EoctIBxjutbXLOxYYKMBhHA==",
            "dev": true,
            "dependencies": {
                "@gi-types/gobject2": "^2.68.0"
            }
        },
        "node_modules/@gi-types/gsk4": {
            "version": "4.0.1",
            "resolved": "https://registry.npmjs.org/@gi-types/gsk4/-/gsk4-4.0.1.tgz",
            "integrity": "sha512-/OtGBQwwtyQw7vjkfC4/P2pQf9hrtB89sXhDyKQG5B2UJ/LTAQQJNK7vu4u2W0Y922WK/zqrzimBy38JUoPO5Q==",
            "dev": true,
            "dependencies": {
                "@gi-types/cairo1": "^1.0.0",
                "@gi-types/gdk4": "^4.0.1",
                "@gi-types/glib2": "^2.68.0",
                "@gi-types/gobject2": "^2.68.0",
                "@gi-types/graphene1": "^1.0.1",
                "@gi-types/pango1": "^1.0.0"
            }
        },
        "node_modules/@gi-types/gtk3": {
            "version": "3.24.1",
            "resolved": "https://registry.npmjs.org/@gi-types/gtk3/-/gtk3-3.24.1.tgz",
            "integrity": "sha512-KW+ilICTJxl2OrtPbKRMEzA4+QTziZCD33O4ipIqWUjy7YJHaGgBUCNtzzBL9VfunGBBVfClIc4cVcLhV/pbBA==",
            "dev": true,
            "dependencies": {
                "@gi-types/atk1": "^2.36.0",
                "@gi-types/cairo1": "^1.0.0",
                "@gi-types/gdk3": "^3.24.1",
                "@gi-types/gdkpixbuf2": "^2.0.0",
                "@gi-types/gio2": "^2.68.0",
                "@gi-types/glib2": "^2.68.0",
                "@gi-types/gobject2": "^2.68.0",
                "@gi-types/pango1": "^1.0.0",
                "@gi-types/xlib2": "^2.0.0"
            }
        },
        "node_modules/@gi-types/gtk4": {
            "version": "4.6.1",
            "resolved": "https://registry.npmjs.org/@gi-types/gtk4/-/gtk4-4.6.1.tgz",
            "integrity": "sha512-WtdHV2S/xParqwJX9BJ/OsGTzoEorEhVAP0W2eJpUk5rqfSlzIXHnNvFvs9T5sT43fRZmefVd3Id1EbxsHKeLg==",
            "dev": true,
            "dependencies": {
                "@gi-types/cairo1": "^1.0.0",
                "@gi-types/gdk4": "^4.0.1",
                "@gi-types/gdkpixbuf2": "^2.0.0",
                "@gi-types/gio2": "^2.68.0",
                "@gi-types/glib2": "^2.68.0",
                "@gi-types/gobject2": "^2.68.0",
                "@gi-types/graphene1": "^1.0.1",
                "@gi-types/gsk4": "^4.0.1",
                "@gi-types/pango1": "^1.50.1"
            }
        },
        "node_modules/@gi-types/harfbuzz2": {
            "version": "4.4.2",
            "resolved": "https://registry.npmjs.org/@gi-types/harfbuzz2/-/harfbuzz2-4.4.2.tgz",
            "integrity": "sha512-jsntc6SthoOdw4VSetTOKFI0BM1ccDISP1JQhnL5NETrVuYGnNAwRZ2oDIujuG0M70bHDv/MWKiZnmJxXNPrKw==",
            "dev": true,
            "dependencies": {
                "@gi-types/freetype22": "^2.0.1",
                "@gi-types/glib2": "^2.72.1",
                "@gi-types/gobject2": "^2.72.1"
            }
        },
        "node_modules/@gi-types/json1": {
            "version": "1.6.1",
            "resolved": "https://registry.npmjs.org/@gi-types/json1/-/json1-1.6.1.tgz",
            "integrity": "sha512-6DpNf3PTYYKbL96U76R/mWZuAXv32cI0ZDalyKAciKeh9pczHjlnNdjq8h6lDKJc5vKxviHW9TsOdtB3NaXuqQ==",
            "dev": true,
            "dependencies": {
                "@gi-types/gio2": "^2.72.1",
                "@gi-types/glib2": "^2.72.1",
                "@gi-types/gobject2": "^2.72.1"
            }
        },
        "node_modules/@gi-types/meta10": {
            "version": "10.0.1",
            "resolved": "https://registry.npmjs.org/@gi-types/meta10/-/meta10-10.0.1.tgz",
            "integrity": "sha512-VmYij7FhqC5CtYrWcheErwiVwmiPOJ55Ct71Q7daZPAQi358hUYsya0WYBPAXGciIMdd67UjorZX6DYfAAksRw==",
            "dev": true,
            "dependencies": {
                "@gi-types/atk1": "^2.36.0",
                "@gi-types/cairo1": "^1.0.1",
                "@gi-types/clutter10": "^10.0.1",
                "@gi-types/cogl10": "^10.0.1",
                "@gi-types/gdesktopenums3": "^3.0.1",
                "@gi-types/gio2": "^2.72.1",
                "@gi-types/glib2": "^2.72.1",
                "@gi-types/gobject2": "^2.72.1",
                "@gi-types/graphene1": "^1.0.1",
                "@gi-types/gtk3": "^3.24.1",
                "@gi-types/json1": "^1.6.1",
                "@gi-types/pango1": "^1.50.1",
                "@gi-types/xfixes4": "^4.0.1",
                "@gi-types/xlib2": "^2.0.1"
            }
        },
        "node_modules/@gi-types/nm1": {
            "version": "1.38.1",
            "resolved": "https://registry.npmjs.org/@gi-types/nm1/-/nm1-1.38.1.tgz",
            "integrity": "sha512-TZNDTSxPRFjv+kjI/RyqLBO9Rb1FVDuUTfUyB9znGuj4NnPvQ5lzLRlvSG5SIyRYbeu1hik7lGteK+mM/NslVQ==",
            "dev": true,
            "dependencies": {
                "@gi-types/gio2": "^2.72.1",
                "@gi-types/glib2": "^2.72.1",
                "@gi-types/gobject2": "^2.72.1"
            }
        },
        "node_modules/@gi-types/pango1": {
            "version": "1.50.1",
            "resolved": "https://registry.npmjs.org/@gi-types/pango1/-/pango1-1.50.1.tgz",
            "integrity": "sha512-SdpoZ5Fcz7Zo8Tal5Ap4Z/4SMqpo/PspORIadxmNZ3kafFOwK7TPvdWiUIBgua+i3uWiLnreKCGD/6rLJLbw3g==",
            "dev": true,
            "dependencies": {
                "@gi-types/gio2": "^2.72.1",
                "@gi-types/glib2": "^2.72.1",
                "@gi-types/gobject2": "^2.72.1",
                "@gi-types/harfbuzz2": "^4.4.2"
            }
        },
        "node_modules/@gi-types/polkit1": {
            "version": "1.0.1",
            "resolved": "https://registry.npmjs.org/@gi-types/polkit1/-/polkit1-1.0.1.tgz",
            "integrity": "sha512-M+9OPCx0jeOGe28uN6fegTsYOMuNnjZbgw1sJp6wXRRswihaceqHvuKSePo7dhyC+rx8knS04Cde1rYFQlZiBg==",
            "dev": true,
            "dependencies": {
                "@gi-types/gio2": "^2.72.1",
                "@gi-types/glib2": "^2.72.1",
                "@gi-types/gobject2": "^2.72.1"
            }
        },
        "node_modules/@gi-types/polkitagent1": {
            "version": "1.0.1",
            "resolved": "https://registry.npmjs.org/@gi-types/polkitagent1/-/polkitagent1-1.0.1.tgz",
            "integrity": "sha512-klFuDVAoFomKpQBx6JtigNhAiuMnkeKEUj8pewR+n3wraVFJ1K/pyT/O14UYR6Qgl8smOBFybyQv15tgc35HnA==",
            "dev": true,
            "dependencies": {
                "@gi-types/gio2": "^2.72.1",
                "@gi-types/glib2": "^2.72.1",
                "@gi-types/gobject2": "^2.72.1",
                "@gi-types/polkit1": "^1.0.1"
            }
        },
        "node_modules/@gi-types/shell0": {
            "version": "0.1.1",
            "resolved": "https://registry.npmjs.org/@gi-types/shell0/-/shell0-0.1.1.tgz",
            "integrity": "sha512-uxaOslRprg4qHYqVtAW7vABpj+T/RjpQJcVINk5MKvMvRttbGX+GD6Ky1d9M7GK+7+R3MIaYoTSCpHD2GeBkTA==",
            "dev": true,
            "dependencies": {
                "@gi-types/atk1": "^2.36.0",
                "@gi-types/cairo1": "^1.0.1",
                "@gi-types/clutter10": "^10.0.1",
                "@gi-types/cogl10": "^10.0.1",
                "@gi-types/gcr3": "^3.41.1",
                "@gi-types/gdkpixbuf2": "^2.0.2",
                "@gi-types/gio2": "^2.72.1",
                "@gi-types/glib2": "^2.72.1",
                "@gi-types/gobject2": "^2.72.1",
                "@gi-types/graphene1": "^1.0.1",
                "@gi-types/gtk3": "^3.24.1",
                "@gi-types/meta10": "^10.0.1",
                "@gi-types/nm1": "^1.38.1",
                "@gi-types/polkitagent1": "^1.0.1",
                "@gi-types/st1": "^1.0.1"
            }
        },
        "node_modules/@gi-types/st1": {
            "version": "1.0.1",
            "resolved": "https://registry.npmjs.org/@gi-types/st1/-/st1-1.0.1.tgz",
            "integrity": "sha512-vpS4n36J2rI4gL2FEYTL/+yrjEdJjEVuV+g7bSnteZQOLyuLZjaB2noXFnvsQ30Cfp1rHD+uinY86cPaJv/ARA==",
            "dev": true,
            "dependencies": {
                "@gi-types/atk1": "^2.36.0",
                "@gi-types/cairo1": "^1.0.1",
                "@gi-types/cally10": "^10.0.1",
                "@gi-types/clutter10": "^10.0.1",
                "@gi-types/cogl10": "^10.0.1",
                "@gi-types/gio2": "^2.72.1",
                "@gi-types/glib2": "^2.72.1",
                "@gi-types/gobject2": "^2.72.1",
                "@gi-types/json1": "^1.6.1",
                "@gi-types/pango1": "^1.50.1"
            }
        },
        "node_modules/@gi-types/xfixes4": {
            "version": "4.0.1",
            "resolved": "https://registry.npmjs.org/@gi-types/xfixes4/-/xfixes4-4.0.1.tgz",
            "integrity": "sha512-2B9XqWAE7JpdZwuUDZ+YrwTu45nuKU05RH8qXv9ld3ypmdVRVx5J8qb+VVaI3z6H6EOPfz0lYsxRmvAT8GLZsA==",
            "dev": true,
            "dependencies": {
                "@gi-types/gobject2": "^2.72.1"
            }
        },
        "node_modules/@gi-types/xlib2": {
            "version": "2.0.1",
            "resolved": "https://registry.npmjs.org/@gi-types/xlib2/-/xlib2-2.0.1.tgz",
            "integrity": "sha512-AouZupNa8roCOwKbyGuVuOmt7n8YYBprH60q5Ggu9vGVY+AhpTjEbeJBiLkHW74T8587Z3AilRo7cBWnXPM56A==",
            "dev": true,
            "dependencies": {
                "@gi-types/gobject2": "^2.72.1"
            }
        },
        "node_modules/typescript": {
            "version": "4.9.5",
            "resolved": "https://registry.npmjs.org/typescript/-/typescript-4.9.5.tgz",
            "integrity": "sha512-1FXk9E2Hm+QzZQ7z+McJiHL4NW1F2EzMu9Nq9i3zAaGqibafqYwCVU6WyWAuyQRRzOlxou8xZSyXLEN8oKj24g==",
            "dev": true,
            "bin": {
                "tsc": "bin/tsc",
                "tsserver": "bin/tsserver"
            },
            "engines": {
                "node": ">=4.2.0"
            }
        }
    }
}
