{
    "name": "gnome-shell-extension-rounded-corners-effect",
    "version": "v1",
    "lockfileVersion": 3,
    "requires": true,
    "packages": {
        "": {
            "name": "gnome-shell-extension-rounded-corners-effect",
            "version": "v1",
            "license": "GPL-3.0-or-later",
            "devDependencies": {
                "@biomejs/biome": "^1.7.2",
                "@girs/gjs": "^4.0.0-beta.5",
                "@girs/gnome-shell": "^46.0.0-beta7",
                "typescript": "^5.4.5"
            }
        },
        "node_modules/@biomejs/biome": {
            "version": "1.8.3",
            "resolved": "https://registry.npmjs.org/@biomejs/biome/-/biome-1.8.3.tgz",
            "integrity": "sha512-/uUV3MV+vyAczO+vKrPdOW0Iaet7UnJMU4bNMinggGJTAnBPjCoLEYcyYtYHNnUNYlv4xZMH6hVIQCAozq8d5w==",
            "dev": true,
            "hasInstallScript": true,
            "license": "MIT OR Apache-2.0",
            "bin": {
                "biome": "bin/biome"
            },
            "engines": {
                "node": ">=14.21.3"
            },
            "funding": {
                "type": "opencollective",
                "url": "https://opencollective.com/biome"
            },
            "optionalDependencies": {
                "@biomejs/cli-darwin-arm64": "1.8.3",
                "@biomejs/cli-darwin-x64": "1.8.3",
                "@biomejs/cli-linux-arm64": "1.8.3",
                "@biomejs/cli-linux-arm64-musl": "1.8.3",
                "@biomejs/cli-linux-x64": "1.8.3",
                "@biomejs/cli-linux-x64-musl": "1.8.3",
                "@biomejs/cli-win32-arm64": "1.8.3",
                "@biomejs/cli-win32-x64": "1.8.3"
            }
        },
        "node_modules/@biomejs/cli-darwin-arm64": {
            "version": "1.8.3",
            "resolved": "https://registry.npmjs.org/@biomejs/cli-darwin-arm64/-/cli-darwin-arm64-1.8.3.tgz",
            "integrity": "sha512-9DYOjclFpKrH/m1Oz75SSExR8VKvNSSsLnVIqdnKexj6NwmiMlKk94Wa1kZEdv6MCOHGHgyyoV57Cw8WzL5n3A==",
            "cpu": [
                "arm64"
            ],
            "dev": true,
            "license": "MIT OR Apache-2.0",
            "optional": true,
            "os": [
                "darwin"
            ],
            "engines": {
                "node": ">=14.21.3"
            }
        },
        "node_modules/@biomejs/cli-darwin-x64": {
            "version": "1.8.3",
            "resolved": "https://registry.npmjs.org/@biomejs/cli-darwin-x64/-/cli-darwin-x64-1.8.3.tgz",
            "integrity": "sha512-UeW44L/AtbmOF7KXLCoM+9PSgPo0IDcyEUfIoOXYeANaNXXf9mLUwV1GeF2OWjyic5zj6CnAJ9uzk2LT3v/wAw==",
            "cpu": [
                "x64"
            ],
            "dev": true,
            "license": "MIT OR Apache-2.0",
            "optional": true,
            "os": [
                "darwin"
            ],
            "engines": {
                "node": ">=14.21.3"
            }
        },
        "node_modules/@biomejs/cli-linux-arm64": {
            "version": "1.8.3",
            "resolved": "https://registry.npmjs.org/@biomejs/cli-linux-arm64/-/cli-linux-arm64-1.8.3.tgz",
            "integrity": "sha512-fed2ji8s+I/m8upWpTJGanqiJ0rnlHOK3DdxsyVLZQ8ClY6qLuPc9uehCREBifRJLl/iJyQpHIRufLDeotsPtw==",
            "cpu": [
                "arm64"
            ],
            "dev": true,
            "license": "MIT OR Apache-2.0",
            "optional": true,
            "os": [
                "linux"
            ],
            "engines": {
                "node": ">=14.21.3"
            }
        },
        "node_modules/@biomejs/cli-linux-arm64-musl": {
            "version": "1.8.3",
            "resolved": "https://registry.npmjs.org/@biomejs/cli-linux-arm64-musl/-/cli-linux-arm64-musl-1.8.3.tgz",
            "integrity": "sha512-9yjUfOFN7wrYsXt/T/gEWfvVxKlnh3yBpnScw98IF+oOeCYb5/b/+K7YNqKROV2i1DlMjg9g/EcN9wvj+NkMuQ==",
            "cpu": [
                "arm64"
            ],
            "dev": true,
            "license": "MIT OR Apache-2.0",
            "optional": true,
            "os": [
                "linux"
            ],
            "engines": {
                "node": ">=14.21.3"
            }
        },
        "node_modules/@biomejs/cli-linux-x64": {
            "version": "1.8.3",
            "resolved": "https://registry.npmjs.org/@biomejs/cli-linux-x64/-/cli-linux-x64-1.8.3.tgz",
            "integrity": "sha512-I8G2QmuE1teISyT8ie1HXsjFRz9L1m5n83U1O6m30Kw+kPMPSKjag6QGUn+sXT8V+XWIZxFFBoTDEDZW2KPDDw==",
            "cpu": [
                "x64"
            ],
            "dev": true,
            "license": "MIT OR Apache-2.0",
            "optional": true,
            "os": [
                "linux"
            ],
            "engines": {
                "node": ">=14.21.3"
            }
        },
        "node_modules/@biomejs/cli-linux-x64-musl": {
            "version": "1.8.3",
            "resolved": "https://registry.npmjs.org/@biomejs/cli-linux-x64-musl/-/cli-linux-x64-musl-1.8.3.tgz",
            "integrity": "sha512-UHrGJX7PrKMKzPGoEsooKC9jXJMa28TUSMjcIlbDnIO4EAavCoVmNQaIuUSH0Ls2mpGMwUIf+aZJv657zfWWjA==",
            "cpu": [
                "x64"
            ],
            "dev": true,
            "license": "MIT OR Apache-2.0",
            "optional": true,
            "os": [
                "linux"
            ],
            "engines": {
                "node": ">=14.21.3"
            }
        },
        "node_modules/@biomejs/cli-win32-arm64": {
            "version": "1.8.3",
            "resolved": "https://registry.npmjs.org/@biomejs/cli-win32-arm64/-/cli-win32-arm64-1.8.3.tgz",
            "integrity": "sha512-J+Hu9WvrBevfy06eU1Na0lpc7uR9tibm9maHynLIoAjLZpQU3IW+OKHUtyL8p6/3pT2Ju5t5emReeIS2SAxhkQ==",
            "cpu": [
                "arm64"
            ],
            "dev": true,
            "license": "MIT OR Apache-2.0",
            "optional": true,
            "os": [
                "win32"
            ],
            "engines": {
                "node": ">=14.21.3"
            }
        },
        "node_modules/@biomejs/cli-win32-x64": {
            "version": "1.8.3",
            "resolved": "https://registry.npmjs.org/@biomejs/cli-win32-x64/-/cli-win32-x64-1.8.3.tgz",
            "integrity": "sha512-/PJ59vA1pnQeKahemaQf4Nyj7IKUvGQSc3Ze1uIGi+Wvr1xF7rGobSrAAG01T/gUDG21vkDsZYM03NAmPiVkqg==",
            "cpu": [
                "x64"
            ],
            "dev": true,
            "license": "MIT OR Apache-2.0",
            "optional": true,
            "os": [
                "win32"
            ],
            "engines": {
                "node": ">=14.21.3"
            }
        },
        "node_modules/@girs/accountsservice-1.0": {
            "version": "1.0.0-4.0.0-beta.7",
            "resolved": "https://registry.npmjs.org/@girs/accountsservice-1.0/-/accountsservice-1.0-1.0.0-4.0.0-beta.7.tgz",
            "integrity": "sha512-M0CcpAQHTyEVjFntHg6NxLuLd3rtIiir95nJDyuIDXfjfcj+lVjCVuexnkhNPxYID4rDNFBq+6iDf50nv0WHFA==",
            "dev": true,
            "license": "MIT",
            "dependencies": {
                "@girs/gio-2.0": "^2.80.2-4.0.0-beta.7",
                "@girs/gjs": "^4.0.0-beta.7",
                "@girs/glib-2.0": "^2.80.2-4.0.0-beta.7",
                "@girs/gmodule-2.0": "^2.0.0-4.0.0-beta.7",
                "@girs/gobject-2.0": "^2.80.2-4.0.0-beta.7"
            }
        },
        "node_modules/@girs/adw-1": {
            "version": "1.6.0-4.0.0-beta.7",
            "resolved": "https://registry.npmjs.org/@girs/adw-1/-/adw-1-1.6.0-4.0.0-beta.7.tgz",
            "integrity": "sha512-9W+a20n58/U0L/Khs6vCacJ8hsE4jwHEPzX/zX3JR88mljOgGviySxxNN5CCbIIcEo048dOdbzxfQ8DANfgrew==",
            "dev": true,
            "license": "MIT",
            "dependencies": {
                "@girs/cairo-1.0": "^1.0.0-4.0.0-beta.7",
                "@girs/freetype2-2.0": "^2.0.0-4.0.0-beta.7",
                "@girs/gdk-4.0": "^4.0.0-4.0.0-beta.7",
                "@girs/gdkpixbuf-2.0": "^2.0.0-4.0.0-beta.7",
                "@girs/gio-2.0": "^2.80.2-4.0.0-beta.7",
                "@girs/gjs": "^4.0.0-beta.7",
                "@girs/glib-2.0": "^2.80.2-4.0.0-beta.7",
                "@girs/gmodule-2.0": "^2.0.0-4.0.0-beta.7",
                "@girs/gobject-2.0": "^2.80.2-4.0.0-beta.7",
                "@girs/graphene-1.0": "^1.0.0-4.0.0-beta.7",
                "@girs/gsk-4.0": "^4.0.0-4.0.0-beta.7",
                "@girs/gtk-4.0": "^4.14.4-4.0.0-beta.7",
                "@girs/harfbuzz-0.0": "^8.1.1-4.0.0-beta.7",
                "@girs/pango-1.0": "^1.52.2-4.0.0-beta.7",
                "@girs/pangocairo-1.0": "^1.0.0-4.0.0-beta.7"
            }
        },
        "node_modules/@girs/atk-1.0": {
            "version": "2.52.0-4.0.0-beta.7",
            "resolved": "https://registry.npmjs.org/@girs/atk-1.0/-/atk-1.0-2.52.0-4.0.0-beta.7.tgz",
            "integrity": "sha512-UgN1s1tWCH542Oq3CNgvtGC8qvWieGc3gNXTb4NYwNlJVL2WhNOyFVmwAYvDDQ4EIJMi1krWm+wnVCIutWcJ7A==",
            "dev": true,
            "license": "MIT",
            "dependencies": {
                "@girs/gjs": "^4.0.0-beta.7",
                "@girs/glib-2.0": "^2.80.2-4.0.0-beta.7",
                "@girs/gobject-2.0": "^2.80.2-4.0.0-beta.7"
            }
        },
        "node_modules/@girs/cairo-1.0": {
            "version": "1.0.0-4.0.0-beta.7",
            "resolved": "https://registry.npmjs.org/@girs/cairo-1.0/-/cairo-1.0-1.0.0-4.0.0-beta.7.tgz",
            "integrity": "sha512-AaaoMi4KcNlESmgVBtZK1j/ANU29kvXbma/VaYmmRFH2wjM2iKrYhBRXf85cWZsG0GyovcT0ZOR83+73+l21XQ==",
            "dev": true,
            "license": "MIT",
            "dependencies": {
                "@girs/gjs": "^4.0.0-beta.7",
                "@girs/glib-2.0": "^2.80.2-4.0.0-beta.7",
                "@girs/gobject-2.0": "^2.80.2-4.0.0-beta.7"
            }
        },
        "node_modules/@girs/cally-14": {
            "version": "14.0.0-4.0.0-beta.7",
            "resolved": "https://registry.npmjs.org/@girs/cally-14/-/cally-14-14.0.0-4.0.0-beta.7.tgz",
            "integrity": "sha512-4D2OLwF9VkciJiZEvgFVl96CF4UasHKWSZNabVg4NArCUtbotRiAk76EEWVvOpGIG7/XVuCPlpOPD05aFEV10A==",
            "dev": true,
            "license": "MIT",
            "dependencies": {
                "@girs/atk-1.0": "^2.52.0-4.0.0-beta.7",
                "@girs/cairo-1.0": "^1.0.0-4.0.0-beta.7",
                "@girs/clutter-14": "^14.0.0-4.0.0-beta.7",
                "@girs/cogl-14": "^14.0.0-4.0.0-beta.7",
                "@girs/coglpango-14": "^14.0.0-4.0.0-beta.7",
                "@girs/freetype2-2.0": "^2.0.0-4.0.0-beta.7",
                "@girs/gio-2.0": "^2.80.2-4.0.0-beta.7",
                "@girs/gjs": "^4.0.0-beta.7",
                "@girs/gl-1.0": "^1.0.0-4.0.0-beta.7",
                "@girs/glib-2.0": "^2.80.2-4.0.0-beta.7",
                "@girs/gmodule-2.0": "^2.0.0-4.0.0-beta.7",
                "@girs/gobject-2.0": "^2.80.2-4.0.0-beta.7",
                "@girs/graphene-1.0": "^1.0.0-4.0.0-beta.7",
                "@girs/harfbuzz-0.0": "^8.1.1-4.0.0-beta.7",
                "@girs/mtk-14": "^14.0.0-4.0.0-beta.7",
                "@girs/pango-1.0": "^1.52.2-4.0.0-beta.7",
                "@girs/pangocairo-1.0": "^1.0.0-4.0.0-beta.7",
                "@girs/xlib-2.0": "^2.0.0-4.0.0-beta.7"
            }
        },
        "node_modules/@girs/clutter-14": {
            "version": "14.0.0-4.0.0-beta.7",
            "resolved": "https://registry.npmjs.org/@girs/clutter-14/-/clutter-14-14.0.0-4.0.0-beta.7.tgz",
            "integrity": "sha512-s2zEVNIvO5iMDD2AHDpmtjJUhrbGH4zLwmdvK/w2sPowFB/7LT7jjhLdCb5VwFs6uzcmEV3paFDoIAQPlo2Tbg==",
            "dev": true,
            "license": "MIT",
            "dependencies": {
                "@girs/atk-1.0": "^2.52.0-4.0.0-beta.7",
                "@girs/cairo-1.0": "^1.0.0-4.0.0-beta.7",
                "@girs/cogl-14": "^14.0.0-4.0.0-beta.7",
                "@girs/coglpango-14": "^14.0.0-4.0.0-beta.7",
                "@girs/freetype2-2.0": "^2.0.0-4.0.0-beta.7",
                "@girs/gio-2.0": "^2.80.2-4.0.0-beta.7",
                "@girs/gjs": "^4.0.0-beta.7",
                "@girs/gl-1.0": "^1.0.0-4.0.0-beta.7",
                "@girs/glib-2.0": "^2.80.2-4.0.0-beta.7",
                "@girs/gmodule-2.0": "^2.0.0-4.0.0-beta.7",
                "@girs/gobject-2.0": "^2.80.2-4.0.0-beta.7",
                "@girs/graphene-1.0": "^1.0.0-4.0.0-beta.7",
                "@girs/harfbuzz-0.0": "^8.1.1-4.0.0-beta.7",
                "@girs/mtk-14": "^14.0.0-4.0.0-beta.7",
                "@girs/pango-1.0": "^1.52.2-4.0.0-beta.7",
                "@girs/pangocairo-1.0": "^1.0.0-4.0.0-beta.7",
                "@girs/xlib-2.0": "^2.0.0-4.0.0-beta.7"
            }
        },
        "node_modules/@girs/cogl-14": {
            "version": "14.0.0-4.0.0-beta.7",
            "resolved": "https://registry.npmjs.org/@girs/cogl-14/-/cogl-14-14.0.0-4.0.0-beta.7.tgz",
            "integrity": "sha512-NETrM1Sl1Z1yLfsU9MggzX+XG/32EcwCXHWh566YkdUI3l8CQ1MCnpAn1w7QYvnQXNHhqTqjKgkYCrcYaoB2Mg==",
            "dev": true,
            "license": "MIT",
            "dependencies": {
                "@girs/gjs": "^4.0.0-beta.7",
                "@girs/gl-1.0": "^1.0.0-4.0.0-beta.7",
                "@girs/glib-2.0": "^2.80.2-4.0.0-beta.7",
                "@girs/gobject-2.0": "^2.80.2-4.0.0-beta.7",
                "@girs/graphene-1.0": "^1.0.0-4.0.0-beta.7",
                "@girs/mtk-14": "^14.0.0-4.0.0-beta.7",
                "@girs/xlib-2.0": "^2.0.0-4.0.0-beta.7"
            }
        },
        "node_modules/@girs/cogl-2.0": {
            "version": "2.0.0-4.0.0-beta.7",
            "resolved": "https://registry.npmjs.org/@girs/cogl-2.0/-/cogl-2.0-2.0.0-4.0.0-beta.7.tgz",
            "integrity": "sha512-xmfhHpWcMzJ+eBUYey2UZHu+rCo8sO15K9At6bHfhJHc9xtXsQt6RKSvRk7TXGoO7k2O3VfUhfBeDlFu6sSwqw==",
            "dev": true,
            "license": "MIT",
            "dependencies": {
                "@girs/gjs": "^4.0.0-beta.7",
                "@girs/gl-1.0": "^1.0.0-4.0.0-beta.7",
                "@girs/glib-2.0": "^2.80.2-4.0.0-beta.7",
                "@girs/gobject-2.0": "^2.80.2-4.0.0-beta.7"
            }
        },
        "node_modules/@girs/coglpango-14": {
            "version": "14.0.0-4.0.0-beta.7",
            "resolved": "https://registry.npmjs.org/@girs/coglpango-14/-/coglpango-14-14.0.0-4.0.0-beta.7.tgz",
            "integrity": "sha512-OuVrvx5vBRD1n7N2ufY3GTtbUrYyRTCitoBu2q3reSwhnIO2PUYq+55LB3xsIlxXbXi8J3G1D7Wcl32UfA7y7w==",
            "dev": true,
            "license": "MIT",
            "dependencies": {
                "@girs/cairo-1.0": "^1.0.0-4.0.0-beta.7",
                "@girs/cogl-14": "^14.0.0-4.0.0-beta.7",
                "@girs/freetype2-2.0": "^2.0.0-4.0.0-beta.7",
                "@girs/gio-2.0": "^2.80.2-4.0.0-beta.7",
                "@girs/gjs": "^4.0.0-beta.7",
                "@girs/gl-1.0": "^1.0.0-4.0.0-beta.7",
                "@girs/glib-2.0": "^2.80.2-4.0.0-beta.7",
                "@girs/gmodule-2.0": "^2.0.0-4.0.0-beta.7",
                "@girs/gobject-2.0": "^2.80.2-4.0.0-beta.7",
                "@girs/graphene-1.0": "^1.0.0-4.0.0-beta.7",
                "@girs/harfbuzz-0.0": "^8.1.1-4.0.0-beta.7",
                "@girs/mtk-14": "^14.0.0-4.0.0-beta.7",
                "@girs/pango-1.0": "^1.52.2-4.0.0-beta.7",
                "@girs/pangocairo-1.0": "^1.0.0-4.0.0-beta.7",
                "@girs/xlib-2.0": "^2.0.0-4.0.0-beta.7"
            }
        },
        "node_modules/@girs/freetype2-2.0": {
            "version": "2.0.0-4.0.0-beta.7",
            "resolved": "https://registry.npmjs.org/@girs/freetype2-2.0/-/freetype2-2.0-2.0.0-4.0.0-beta.7.tgz",
            "integrity": "sha512-VnleGopw2T9arIUYO1KN+n/Z5FsMeBNhwexfiq45OS3sv9Gy7l0X7R8bS66Sjjicr+t1iL9gTzeNbd8f+S9YdA==",
            "dev": true,
            "license": "MIT",
            "dependencies": {
                "@girs/gjs": "^4.0.0-beta.7",
                "@girs/gobject-2.0": "^2.80.2-4.0.0-beta.7"
            }
        },
        "node_modules/@girs/gck-2": {
            "version": "4.2.1-4.0.0-beta.7",
            "resolved": "https://registry.npmjs.org/@girs/gck-2/-/gck-2-4.2.1-4.0.0-beta.7.tgz",
            "integrity": "sha512-XbwXcfZ7VdbDL/VAy/3s2Y32C6niAjyRIyWrNWdemc859MdV4USGdjnjKnYsAyf1fryLd4VeSCZZuciM2V5xuQ==",
            "dev": true,
            "license": "MIT",
            "dependencies": {
                "@girs/gio-2.0": "^2.80.2-4.0.0-beta.7",
                "@girs/gjs": "^4.0.0-beta.7",
                "@girs/glib-2.0": "^2.80.2-4.0.0-beta.7",
                "@girs/gmodule-2.0": "^2.0.0-4.0.0-beta.7",
                "@girs/gobject-2.0": "^2.80.2-4.0.0-beta.7"
            }
        },
        "node_modules/@girs/gcr-4": {
            "version": "4.2.1-4.0.0-beta.7",
            "resolved": "https://registry.npmjs.org/@girs/gcr-4/-/gcr-4-4.2.1-4.0.0-beta.7.tgz",
            "integrity": "sha512-hKDd3tlkKOad/VCrB+PlBoaG10ikGfnnjpj/MlBDBMVwnAkj4Q7dWRGjLmdT/3lRSyiZYraOo1NjOo6duHNhEw==",
            "dev": true,
            "license": "MIT",
            "dependencies": {
                "@girs/gck-2": "^4.2.1-4.0.0-beta.7",
                "@girs/gio-2.0": "^2.80.2-4.0.0-beta.7",
                "@girs/gjs": "^4.0.0-beta.7",
                "@girs/glib-2.0": "^2.80.2-4.0.0-beta.7",
                "@girs/gmodule-2.0": "^2.0.0-4.0.0-beta.7",
                "@girs/gobject-2.0": "^2.80.2-4.0.0-beta.7"
            }
        },
        "node_modules/@girs/gdesktopenums-3.0": {
            "version": "3.0.0-4.0.0-beta.7",
            "resolved": "https://registry.npmjs.org/@girs/gdesktopenums-3.0/-/gdesktopenums-3.0-3.0.0-4.0.0-beta.7.tgz",
            "integrity": "sha512-HREU4NcZKm838ScRa6HDD/XVLUQvj+1NbugD6fLu+znbNFKYU6VNW3bSwfCcfc2EzoBjWqjcPcX0UsjVp3rRBg==",
            "dev": true,
            "license": "MIT",
            "dependencies": {
                "@girs/gjs": "^4.0.0-beta.7",
                "@girs/gobject-2.0": "^2.80.2-4.0.0-beta.7"
            }
        },
        "node_modules/@girs/gdk-4.0": {
            "version": "4.0.0-4.0.0-beta.7",
            "resolved": "https://registry.npmjs.org/@girs/gdk-4.0/-/gdk-4.0-4.0.0-4.0.0-beta.7.tgz",
            "integrity": "sha512-hgJKye5FXnEZk9KspUZfRh89amVH1Krh5zjDQOOwK7NfRsJ+wyVew9eq+YMzlPa2EhWfETNGC0M98ICK2EKmGA==",
            "dev": true,
            "license": "MIT",
            "dependencies": {
                "@girs/cairo-1.0": "^1.0.0-4.0.0-beta.7",
                "@girs/freetype2-2.0": "^2.0.0-4.0.0-beta.7",
                "@girs/gdkpixbuf-2.0": "^2.0.0-4.0.0-beta.7",
                "@girs/gio-2.0": "^2.80.2-4.0.0-beta.7",
                "@girs/gjs": "^4.0.0-beta.7",
                "@girs/glib-2.0": "^2.80.2-4.0.0-beta.7",
                "@girs/gmodule-2.0": "^2.0.0-4.0.0-beta.7",
                "@girs/gobject-2.0": "^2.80.2-4.0.0-beta.7",
                "@girs/harfbuzz-0.0": "^8.1.1-4.0.0-beta.7",
                "@girs/pango-1.0": "^1.52.2-4.0.0-beta.7",
                "@girs/pangocairo-1.0": "^1.0.0-4.0.0-beta.7"
            }
        },
        "node_modules/@girs/gdkpixbuf-2.0": {
            "version": "2.0.0-4.0.0-beta.7",
            "resolved": "https://registry.npmjs.org/@girs/gdkpixbuf-2.0/-/gdkpixbuf-2.0-2.0.0-4.0.0-beta.7.tgz",
            "integrity": "sha512-iywcdUkBySL8Hq1q2qxwMVgRubX+1+IXsOQhsigACpQYpS0wkhPN6DOdHnViFB3yhh9Ul3fhdwWuf0OFqtuO9Q==",
            "dev": true,
            "license": "MIT",
            "dependencies": {
                "@girs/gio-2.0": "^2.80.2-4.0.0-beta.7",
                "@girs/gjs": "^4.0.0-beta.7",
                "@girs/glib-2.0": "^2.80.2-4.0.0-beta.7",
                "@girs/gmodule-2.0": "^2.0.0-4.0.0-beta.7",
                "@girs/gobject-2.0": "^2.80.2-4.0.0-beta.7"
            }
        },
        "node_modules/@girs/gdm-1.0": {
            "version": "1.0.0-4.0.0-beta.7",
            "resolved": "https://registry.npmjs.org/@girs/gdm-1.0/-/gdm-1.0-1.0.0-4.0.0-beta.7.tgz",
            "integrity": "sha512-SEK7hETXgvls/s67rNCqH13HiTwXLoFoIqJ3Z1qHwplEIMBDk8Kl1Dymz+6CUOVxOC8wzLZS4OrJ+8hYUTIL6A==",
            "dev": true,
            "license": "MIT",
            "dependencies": {
                "@girs/gio-2.0": "^2.80.2-4.0.0-beta.7",
                "@girs/gjs": "^4.0.0-beta.7",
                "@girs/glib-2.0": "^2.80.2-4.0.0-beta.7",
                "@girs/gmodule-2.0": "^2.0.0-4.0.0-beta.7",
                "@girs/gobject-2.0": "^2.80.2-4.0.0-beta.7"
            }
        },
        "node_modules/@girs/gio-2.0": {
            "version": "2.80.2-4.0.0-beta.7",
            "resolved": "https://registry.npmjs.org/@girs/gio-2.0/-/gio-2.0-2.80.2-4.0.0-beta.7.tgz",
            "integrity": "sha512-KNs1kgXTZ+pN9T/8dVMbDF3AK6Rquu+EaXmiHhfz+xQ4X54XieC/sbCkwGngwe18l6bi3nTZvNgdrcFXbfuVBw==",
            "dev": true,
            "license": "MIT",
            "dependencies": {
                "@girs/gjs": "^4.0.0-beta.7",
                "@girs/glib-2.0": "^2.80.2-4.0.0-beta.7",
                "@girs/gmodule-2.0": "^2.0.0-4.0.0-beta.7",
                "@girs/gobject-2.0": "^2.80.2-4.0.0-beta.7"
            }
        },
        "node_modules/@girs/gjs": {
            "version": "4.0.0-beta.7",
            "resolved": "https://registry.npmjs.org/@girs/gjs/-/gjs-4.0.0-beta.7.tgz",
            "integrity": "sha512-yq9ALqexUn8ktEw3JI7nBqat+UGgJsV+2ozJu+NGUq37Sx6tNnr1jdgvIhZJJjWFRS7zpIcceIJ+L17QdKFXoA==",
            "dev": true,
            "license": "MIT",
            "dependencies": {
                "@girs/gio-2.0": "^2.80.2-4.0.0-beta.7",
                "@girs/glib-2.0": "^2.80.2-4.0.0-beta.7",
                "@girs/gobject-2.0": "^2.80.2-4.0.0-beta.7"
            }
        },
        "node_modules/@girs/gl-1.0": {
            "version": "1.0.0-4.0.0-beta.7",
            "resolved": "https://registry.npmjs.org/@girs/gl-1.0/-/gl-1.0-1.0.0-4.0.0-beta.7.tgz",
            "integrity": "sha512-WHmTr5d5vK/Na0pQCgE1id+e1y3UsP7I2P8w5mpFZls0xAmZD1zIdnIZwXHT6wHr4I4hbonM2feXrr6oK2djNg==",
            "dev": true,
            "license": "MIT",
            "dependencies": {
                "@girs/gjs": "^4.0.0-beta.7",
                "@girs/gobject-2.0": "^2.80.2-4.0.0-beta.7"
            }
        },
        "node_modules/@girs/glib-2.0": {
            "version": "2.80.2-4.0.0-beta.7",
            "resolved": "https://registry.npmjs.org/@girs/glib-2.0/-/glib-2.0-2.80.2-4.0.0-beta.7.tgz",
            "integrity": "sha512-OMmxFssN2F3eAj8waNc6K65fmitaebZWIre9P13l9q4OTvgjELQcRm1Ty3CrQ/sHu7aujW8lJVO8Vq0BGVlqfw==",
            "dev": true,
            "license": "MIT",
            "dependencies": {
                "@girs/gjs": "^4.0.0-beta.7",
                "@girs/gobject-2.0": "^2.80.2-4.0.0-beta.7"
            }
        },
        "node_modules/@girs/gmodule-2.0": {
            "version": "2.0.0-4.0.0-beta.7",
            "resolved": "https://registry.npmjs.org/@girs/gmodule-2.0/-/gmodule-2.0-2.0.0-4.0.0-beta.7.tgz",
            "integrity": "sha512-j1HV3oLR/nC2INWGDZ0lht6isr0sieGu6oGDgeOBGyBoKhHBpiQ6KQvVBcBCbnYpO/Ye/n9mPTLSz671DcYKJg==",
            "dev": true,
            "license": "MIT",
            "dependencies": {
                "@girs/gjs": "^4.0.0-beta.7",
                "@girs/glib-2.0": "^2.80.2-4.0.0-beta.7",
                "@girs/gobject-2.0": "^2.80.2-4.0.0-beta.7"
            }
        },
        "node_modules/@girs/gnome-shell": {
            "version": "46.0.1",
            "resolved": "https://registry.npmjs.org/@girs/gnome-shell/-/gnome-shell-46.0.1.tgz",
            "integrity": "sha512-B/BPBvbHDhUrvkCQVDAHRwV4Z/FybAUmaUqWJQ2FrY1jFBgwiahvYdVqNBoYO1Oeq73/8y1zJ0A0xROw/BFlPQ==",
            "dev": true,
            "license": "MIT",
            "dependencies": {
                "@girs/accountsservice-1.0": "^1.0.0-4.0.0-beta.7",
                "@girs/adw-1": "^1.6.0-4.0.0-beta.7",
                "@girs/atk-1.0": "^2.52.0-4.0.0-beta.7",
                "@girs/cally-14": "^14.0.0-4.0.0-beta.7",
                "@girs/clutter-14": "^14.0.0-4.0.0-beta.7",
                "@girs/cogl-2.0": "^2.0.0-4.0.0-beta.7",
                "@girs/gcr-4": "^4.2.1-4.0.0-beta.7",
                "@girs/gdm-1.0": "^1.0.0-4.0.0-beta.7",
                "@girs/gio-2.0": "^2.80.2-4.0.0-beta.7",
                "@girs/gjs": "^4.0.0-beta.7",
                "@girs/glib-2.0": "^2.80.2-4.0.0-beta.7",
                "@girs/gnomebg-4.0": "^4.0.0-4.0.0-beta.7",
                "@girs/gnomebluetooth-3.0": "^3.0.0-4.0.0-beta.7",
                "@girs/gnomedesktop-4.0": "^4.0.0-4.0.0-beta.7",
                "@girs/gobject-2.0": "^2.80.2-4.0.0-beta.7",
                "@girs/gtk-4.0": "^4.14.4-4.0.0-beta.7",
                "@girs/gvc-1.0": "^1.0.0-4.0.0-beta.7",
                "@girs/meta-14": "^14.0.0-4.0.0-beta.7",
                "@girs/mtk-14": "^14.0.0-4.0.0-beta.7",
                "@girs/polkit-1.0": "^1.0.0-4.0.0-beta.7",
                "@girs/shell-14": "^14.0.0-4.0.0-beta.7",
                "@girs/shew-0": "^0.0.0-4.0.0-beta.7",
                "@girs/st-14": "^14.0.0-4.0.0-beta.7",
                "@girs/upowerglib-1.0": "^0.99.1-4.0.0-beta.7"
            }
        },
        "node_modules/@girs/gnomebg-4.0": {
            "version": "4.0.0-4.0.0-beta.7",
            "resolved": "https://registry.npmjs.org/@girs/gnomebg-4.0/-/gnomebg-4.0-4.0.0-4.0.0-beta.7.tgz",
            "integrity": "sha512-TD2JYW/NXT0LKFKauF1ghPXBasYqhRWnxR8CftwGkdR2n4QoSw4lzXvg/cxnMPcBe57wYA1Z2jSlJHjgnSiaBw==",
            "dev": true,
            "license": "MIT",
            "dependencies": {
                "@girs/cairo-1.0": "^1.0.0-4.0.0-beta.7",
                "@girs/freetype2-2.0": "^2.0.0-4.0.0-beta.7",
                "@girs/gdesktopenums-3.0": "^3.0.0-4.0.0-beta.7",
                "@girs/gdk-4.0": "^4.0.0-4.0.0-beta.7",
                "@girs/gdkpixbuf-2.0": "^2.0.0-4.0.0-beta.7",
                "@girs/gio-2.0": "^2.80.2-4.0.0-beta.7",
                "@girs/gjs": "^4.0.0-beta.7",
                "@girs/glib-2.0": "^2.80.2-4.0.0-beta.7",
                "@girs/gmodule-2.0": "^2.0.0-4.0.0-beta.7",
                "@girs/gnomedesktop-4.0": "^4.0.0-4.0.0-beta.7",
                "@girs/gobject-2.0": "^2.80.2-4.0.0-beta.7",
                "@girs/harfbuzz-0.0": "^8.1.1-4.0.0-beta.7",
                "@girs/pango-1.0": "^1.52.2-4.0.0-beta.7",
                "@girs/pangocairo-1.0": "^1.0.0-4.0.0-beta.7"
            }
        },
        "node_modules/@girs/gnomebluetooth-3.0": {
            "version": "3.0.0-4.0.0-beta.7",
            "resolved": "https://registry.npmjs.org/@girs/gnomebluetooth-3.0/-/gnomebluetooth-3.0-3.0.0-4.0.0-beta.7.tgz",
            "integrity": "sha512-ZLcO1KQ95IwCymzDgT7dDxQTQUBRlxrkY5vGwSezPcRublvWTK7MWOPG+P794a9Hgw5uTNJYB6ublV2Kc+/BBQ==",
            "dev": true,
            "license": "MIT",
            "dependencies": {
                "@girs/gio-2.0": "^2.80.2-4.0.0-beta.7",
                "@girs/gjs": "^4.0.0-beta.7",
                "@girs/glib-2.0": "^2.80.2-4.0.0-beta.7",
                "@girs/gmodule-2.0": "^2.0.0-4.0.0-beta.7",
                "@girs/gobject-2.0": "^2.80.2-4.0.0-beta.7"
            }
        },
        "node_modules/@girs/gnomedesktop-4.0": {
            "version": "4.0.0-4.0.0-beta.7",
            "resolved": "https://registry.npmjs.org/@girs/gnomedesktop-4.0/-/gnomedesktop-4.0-4.0.0-4.0.0-beta.7.tgz",
            "integrity": "sha512-tAHz77YnVmIrcZ48R6QYrP0gdmeu7yLLAu7dS5yviV6uCGwa7iuF96rP8g5idyDgU/41boaebVVZn+ou9LZLaQ==",
            "dev": true,
            "license": "MIT",
            "dependencies": {
                "@girs/gdesktopenums-3.0": "^3.0.0-4.0.0-beta.7",
                "@girs/gdkpixbuf-2.0": "^2.0.0-4.0.0-beta.7",
                "@girs/gio-2.0": "^2.80.2-4.0.0-beta.7",
                "@girs/gjs": "^4.0.0-beta.7",
                "@girs/glib-2.0": "^2.80.2-4.0.0-beta.7",
                "@girs/gmodule-2.0": "^2.0.0-4.0.0-beta.7",
                "@girs/gobject-2.0": "^2.80.2-4.0.0-beta.7"
            }
        },
        "node_modules/@girs/gobject-2.0": {
            "version": "2.80.2-4.0.0-beta.7",
            "resolved": "https://registry.npmjs.org/@girs/gobject-2.0/-/gobject-2.0-2.80.2-4.0.0-beta.7.tgz",
            "integrity": "sha512-2Isc42RsoXchABgJ8XW9W1HZ271eR+4FpKB3X6vVnIuVvgArnz3K9dgoXoDWVFMatztO0kEVDv+ggrtSB4ukPQ==",
            "dev": true,
            "license": "MIT",
            "dependencies": {
                "@girs/gjs": "^4.0.0-beta.7",
                "@girs/glib-2.0": "^2.80.2-4.0.0-beta.7"
            }
        },
        "node_modules/@girs/graphene-1.0": {
            "version": "1.0.0-4.0.0-beta.7",
            "resolved": "https://registry.npmjs.org/@girs/graphene-1.0/-/graphene-1.0-1.0.0-4.0.0-beta.7.tgz",
            "integrity": "sha512-lbhOfksRabiLR3gDsx/9CZL4h8d4umhn0nE5rxDLtouzniKp+YXUqQ+Hg72/rMekQDEtCf8IGsq4sfNDzktNCA==",
            "dev": true,
            "license": "MIT",
            "dependencies": {
                "@girs/gjs": "^4.0.0-beta.7",
                "@girs/glib-2.0": "^2.80.2-4.0.0-beta.7",
                "@girs/gobject-2.0": "^2.80.2-4.0.0-beta.7"
            }
        },
        "node_modules/@girs/gsk-4.0": {
            "version": "4.0.0-4.0.0-beta.7",
            "resolved": "https://registry.npmjs.org/@girs/gsk-4.0/-/gsk-4.0-4.0.0-4.0.0-beta.7.tgz",
            "integrity": "sha512-OJX6XcYOVsCbt2jsMqtM4c3zP8rJ/wWuAh6TzfE8wn/lVtAzfx7v+72s4ndaNfAwXJW1yZkz1LxKpoR4ruOJOQ==",
            "dev": true,
            "license": "MIT",
            "dependencies": {
                "@girs/cairo-1.0": "^1.0.0-4.0.0-beta.7",
                "@girs/freetype2-2.0": "^2.0.0-4.0.0-beta.7",
                "@girs/gdk-4.0": "^4.0.0-4.0.0-beta.7",
                "@girs/gdkpixbuf-2.0": "^2.0.0-4.0.0-beta.7",
                "@girs/gio-2.0": "^2.80.2-4.0.0-beta.7",
                "@girs/gjs": "^4.0.0-beta.7",
                "@girs/glib-2.0": "^2.80.2-4.0.0-beta.7",
                "@girs/gmodule-2.0": "^2.0.0-4.0.0-beta.7",
                "@girs/gobject-2.0": "^2.80.2-4.0.0-beta.7",
                "@girs/graphene-1.0": "^1.0.0-4.0.0-beta.7",
                "@girs/harfbuzz-0.0": "^8.1.1-4.0.0-beta.7",
                "@girs/pango-1.0": "^1.52.2-4.0.0-beta.7",
                "@girs/pangocairo-1.0": "^1.0.0-4.0.0-beta.7"
            }
        },
        "node_modules/@girs/gtk-4.0": {
            "version": "4.14.4-4.0.0-beta.7",
            "resolved": "https://registry.npmjs.org/@girs/gtk-4.0/-/gtk-4.0-4.14.4-4.0.0-beta.7.tgz",
            "integrity": "sha512-nWGvwlIerS+PAc0ElSGnSHsyu+Y44bCAudUZtJYBZV0BOY4Sh1v6gJBRehi3UtK4pcSK0vbtVLaJ25ZUYhIdtw==",
            "dev": true,
            "license": "MIT",
            "dependencies": {
                "@girs/cairo-1.0": "^1.0.0-4.0.0-beta.7",
                "@girs/freetype2-2.0": "^2.0.0-4.0.0-beta.7",
                "@girs/gdk-4.0": "^4.0.0-4.0.0-beta.7",
                "@girs/gdkpixbuf-2.0": "^2.0.0-4.0.0-beta.7",
                "@girs/gio-2.0": "^2.80.2-4.0.0-beta.7",
                "@girs/gjs": "^4.0.0-beta.7",
                "@girs/glib-2.0": "^2.80.2-4.0.0-beta.7",
                "@girs/gmodule-2.0": "^2.0.0-4.0.0-beta.7",
                "@girs/gobject-2.0": "^2.80.2-4.0.0-beta.7",
                "@girs/graphene-1.0": "^1.0.0-4.0.0-beta.7",
                "@girs/gsk-4.0": "^4.0.0-4.0.0-beta.7",
                "@girs/harfbuzz-0.0": "^8.1.1-4.0.0-beta.7",
                "@girs/pango-1.0": "^1.52.2-4.0.0-beta.7",
                "@girs/pangocairo-1.0": "^1.0.0-4.0.0-beta.7"
            }
        },
        "node_modules/@girs/gvc-1.0": {
            "version": "1.0.0-4.0.0-beta.7",
            "resolved": "https://registry.npmjs.org/@girs/gvc-1.0/-/gvc-1.0-1.0.0-4.0.0-beta.7.tgz",
            "integrity": "sha512-5k2sIqiPeh2I7JH8TQuTdWWdnEu/kLD2rNRR8cXzK70kBGPAZgtWbYiMYLti/FXwau5kF56gWGv0zL+5C9g7FQ==",
            "dev": true,
            "license": "MIT",
            "dependencies": {
                "@girs/gio-2.0": "^2.80.2-4.0.0-beta.7",
                "@girs/gjs": "^4.0.0-beta.7",
                "@girs/glib-2.0": "^2.80.2-4.0.0-beta.7",
                "@girs/gmodule-2.0": "^2.0.0-4.0.0-beta.7",
                "@girs/gobject-2.0": "^2.80.2-4.0.0-beta.7"
            }
        },
        "node_modules/@girs/harfbuzz-0.0": {
            "version": "8.1.1-4.0.0-beta.7",
            "resolved": "https://registry.npmjs.org/@girs/harfbuzz-0.0/-/harfbuzz-0.0-8.1.1-4.0.0-beta.7.tgz",
            "integrity": "sha512-a0MzuzyOAosYYpod5tdcupFq9u2cTfcWRNXwlShbcwiayMGp/Vm7J5Ns73zae7qG9Brrv7SlWecMEDHBCDDJSw==",
            "dev": true,
            "license": "MIT",
            "dependencies": {
                "@girs/freetype2-2.0": "^2.0.0-4.0.0-beta.7",
                "@girs/gjs": "^4.0.0-beta.7",
                "@girs/glib-2.0": "^2.80.2-4.0.0-beta.7",
                "@girs/gobject-2.0": "^2.80.2-4.0.0-beta.7"
            }
        },
        "node_modules/@girs/meta-14": {
            "version": "14.0.0-4.0.0-beta.7",
            "resolved": "https://registry.npmjs.org/@girs/meta-14/-/meta-14-14.0.0-4.0.0-beta.7.tgz",
            "integrity": "sha512-bEM/sIqOm4uSbt9SA0/Eac9HNhtjjjUrPRy+X5SiDSQRArVk8RGfW0vfGsv0UZnTnvl1DPAnG/nDij13RR25yg==",
            "dev": true,
            "license": "MIT",
            "dependencies": {
                "@girs/atk-1.0": "^2.52.0-4.0.0-beta.7",
                "@girs/cairo-1.0": "^1.0.0-4.0.0-beta.7",
                "@girs/clutter-14": "^14.0.0-4.0.0-beta.7",
                "@girs/cogl-14": "^14.0.0-4.0.0-beta.7",
                "@girs/coglpango-14": "^14.0.0-4.0.0-beta.7",
                "@girs/freetype2-2.0": "^2.0.0-4.0.0-beta.7",
                "@girs/gdesktopenums-3.0": "^3.0.0-4.0.0-beta.7",
                "@girs/gio-2.0": "^2.80.2-4.0.0-beta.7",
                "@girs/gjs": "^4.0.0-beta.7",
                "@girs/gl-1.0": "^1.0.0-4.0.0-beta.7",
                "@girs/glib-2.0": "^2.80.2-4.0.0-beta.7",
                "@girs/gmodule-2.0": "^2.0.0-4.0.0-beta.7",
                "@girs/gobject-2.0": "^2.80.2-4.0.0-beta.7",
                "@girs/graphene-1.0": "^1.0.0-4.0.0-beta.7",
                "@girs/harfbuzz-0.0": "^8.1.1-4.0.0-beta.7",
                "@girs/mtk-14": "^14.0.0-4.0.0-beta.7",
                "@girs/pango-1.0": "^1.52.2-4.0.0-beta.7",
                "@girs/pangocairo-1.0": "^1.0.0-4.0.0-beta.7",
                "@girs/xfixes-4.0": "^4.0.0-4.0.0-beta.7",
                "@girs/xlib-2.0": "^2.0.0-4.0.0-beta.7"
            }
        },
        "node_modules/@girs/mtk-14": {
            "version": "14.0.0-4.0.0-beta.7",
            "resolved": "https://registry.npmjs.org/@girs/mtk-14/-/mtk-14-14.0.0-4.0.0-beta.7.tgz",
            "integrity": "sha512-vGw4WoOU2V9+tHBLh0MhLPmMps6VBs4B4VWuSI5baY0PgZUSfSL+q7h0sB809Wj3yKeegR+1jJY8gAZb2uWakw==",
            "dev": true,
            "license": "MIT",
            "dependencies": {
                "@girs/gjs": "^4.0.0-beta.7",
                "@girs/glib-2.0": "^2.80.2-4.0.0-beta.7",
                "@girs/gobject-2.0": "^2.80.2-4.0.0-beta.7",
                "@girs/graphene-1.0": "^1.0.0-4.0.0-beta.7"
            }
        },
        "node_modules/@girs/nm-1.0": {
            "version": "1.46.0-4.0.0-beta.7",
            "resolved": "https://registry.npmjs.org/@girs/nm-1.0/-/nm-1.0-1.46.0-4.0.0-beta.7.tgz",
            "integrity": "sha512-TwOw5dHks7Vjr/Pkp2OwwnXi5XE8jmkC5srcy3ZDga7K15KfHjRJGL45yOZ2PeFUHMQqqLHw7KY5j85BKTAolA==",
            "dev": true,
            "license": "MIT",
            "dependencies": {
                "@girs/gio-2.0": "^2.80.2-4.0.0-beta.7",
                "@girs/gjs": "^4.0.0-beta.7",
                "@girs/glib-2.0": "^2.80.2-4.0.0-beta.7",
                "@girs/gmodule-2.0": "^2.0.0-4.0.0-beta.7",
                "@girs/gobject-2.0": "^2.80.2-4.0.0-beta.7"
            }
        },
        "node_modules/@girs/pango-1.0": {
            "version": "1.52.2-4.0.0-beta.7",
            "resolved": "https://registry.npmjs.org/@girs/pango-1.0/-/pango-1.0-1.52.2-4.0.0-beta.7.tgz",
            "integrity": "sha512-YYnY3zsEpfPe8CxCW4To+RxaSxTuQ8vkHWk6Yz/4EOHPEYAQ+WnKmPL+9YV5/vTOW8strMrd1ibBOehx27cHng==",
            "dev": true,
            "license": "MIT",
            "dependencies": {
                "@girs/cairo-1.0": "^1.0.0-4.0.0-beta.7",
                "@girs/freetype2-2.0": "^2.0.0-4.0.0-beta.7",
                "@girs/gio-2.0": "^2.80.2-4.0.0-beta.7",
                "@girs/gjs": "^4.0.0-beta.7",
                "@girs/glib-2.0": "^2.80.2-4.0.0-beta.7",
                "@girs/gmodule-2.0": "^2.0.0-4.0.0-beta.7",
                "@girs/gobject-2.0": "^2.80.2-4.0.0-beta.7",
                "@girs/harfbuzz-0.0": "^8.1.1-4.0.0-beta.7"
            }
        },
        "node_modules/@girs/pangocairo-1.0": {
            "version": "1.0.0-4.0.0-beta.7",
            "resolved": "https://registry.npmjs.org/@girs/pangocairo-1.0/-/pangocairo-1.0-1.0.0-4.0.0-beta.7.tgz",
            "integrity": "sha512-ikX06e+z/6gyGC1Gtr58ArQSBGI+kVU9XfOBqz2eBdbT+H+fdYF+FubeQ0EXX8RncCKCoU7stEkhEb0kzAK61A==",
            "dev": true,
            "license": "MIT",
            "dependencies": {
                "@girs/cairo-1.0": "^1.0.0-4.0.0-beta.7",
                "@girs/freetype2-2.0": "^2.0.0-4.0.0-beta.7",
                "@girs/gio-2.0": "^2.80.2-4.0.0-beta.7",
                "@girs/gjs": "^4.0.0-beta.7",
                "@girs/glib-2.0": "^2.80.2-4.0.0-beta.7",
                "@girs/gmodule-2.0": "^2.0.0-4.0.0-beta.7",
                "@girs/gobject-2.0": "^2.80.2-4.0.0-beta.7",
                "@girs/harfbuzz-0.0": "^8.1.1-4.0.0-beta.7",
                "@girs/pango-1.0": "^1.52.2-4.0.0-beta.7"
            }
        },
        "node_modules/@girs/polkit-1.0": {
            "version": "1.0.0-4.0.0-beta.7",
            "resolved": "https://registry.npmjs.org/@girs/polkit-1.0/-/polkit-1.0-1.0.0-4.0.0-beta.7.tgz",
            "integrity": "sha512-LSdySNt1X5JNzIOI1BFAQEwt1vKaAfutEsgYR/HXLlPQ7BAbUErQLani6Id+J6dB8DgqPeAzS/ZbM9XGXx25pg==",
            "dev": true,
            "license": "MIT",
            "dependencies": {
                "@girs/gio-2.0": "^2.80.2-4.0.0-beta.7",
                "@girs/gjs": "^4.0.0-beta.7",
                "@girs/glib-2.0": "^2.80.2-4.0.0-beta.7",
                "@girs/gmodule-2.0": "^2.0.0-4.0.0-beta.7",
                "@girs/gobject-2.0": "^2.80.2-4.0.0-beta.7"
            }
        },
        "node_modules/@girs/polkitagent-1.0": {
            "version": "1.0.0-4.0.0-beta.7",
            "resolved": "https://registry.npmjs.org/@girs/polkitagent-1.0/-/polkitagent-1.0-1.0.0-4.0.0-beta.7.tgz",
            "integrity": "sha512-wY5D5OesgxsE7wQ1HTSgYccu5EMmSzKbI9S3Sf9VreSlfrtW4md4gjpQPJN7yXGnH6I5j26ONksPau9MDisa1g==",
            "dev": true,
            "license": "MIT",
            "dependencies": {
                "@girs/gio-2.0": "^2.80.2-4.0.0-beta.7",
                "@girs/gjs": "^4.0.0-beta.7",
                "@girs/glib-2.0": "^2.80.2-4.0.0-beta.7",
                "@girs/gmodule-2.0": "^2.0.0-4.0.0-beta.7",
                "@girs/gobject-2.0": "^2.80.2-4.0.0-beta.7",
                "@girs/polkit-1.0": "^1.0.0-4.0.0-beta.7"
            }
        },
        "node_modules/@girs/shell-14": {
            "version": "14.0.0-4.0.0-beta.7",
            "resolved": "https://registry.npmjs.org/@girs/shell-14/-/shell-14-14.0.0-4.0.0-beta.7.tgz",
            "integrity": "sha512-BW71v0fEYnaK8609jVuywEdaxQsumX9NF5fRpOpeRllvPPemMr7VLfeHxik71AoGxtv4i9wJ7K3YuA/4Mc5giw==",
            "dev": true,
            "license": "MIT",
            "dependencies": {
                "@girs/atk-1.0": "^2.52.0-4.0.0-beta.7",
                "@girs/cairo-1.0": "^1.0.0-4.0.0-beta.7",
                "@girs/cally-14": "^14.0.0-4.0.0-beta.7",
                "@girs/clutter-14": "^14.0.0-4.0.0-beta.7",
                "@girs/cogl-14": "^14.0.0-4.0.0-beta.7",
                "@girs/coglpango-14": "^14.0.0-4.0.0-beta.7",
                "@girs/freetype2-2.0": "^2.0.0-4.0.0-beta.7",
                "@girs/gck-2": "^4.2.1-4.0.0-beta.7",
                "@girs/gcr-4": "^4.2.1-4.0.0-beta.7",
                "@girs/gdesktopenums-3.0": "^3.0.0-4.0.0-beta.7",
                "@girs/gdkpixbuf-2.0": "^2.0.0-4.0.0-beta.7",
                "@girs/gio-2.0": "^2.80.2-4.0.0-beta.7",
                "@girs/gjs": "^4.0.0-beta.7",
                "@girs/gl-1.0": "^1.0.0-4.0.0-beta.7",
                "@girs/glib-2.0": "^2.80.2-4.0.0-beta.7",
                "@girs/gmodule-2.0": "^2.0.0-4.0.0-beta.7",
                "@girs/gobject-2.0": "^2.80.2-4.0.0-beta.7",
                "@girs/graphene-1.0": "^1.0.0-4.0.0-beta.7",
                "@girs/gvc-1.0": "^1.0.0-4.0.0-beta.7",
                "@girs/harfbuzz-0.0": "^8.1.1-4.0.0-beta.7",
                "@girs/meta-14": "^14.0.0-4.0.0-beta.7",
                "@girs/mtk-14": "^14.0.0-4.0.0-beta.7",
                "@girs/nm-1.0": "^1.46.0-4.0.0-beta.7",
                "@girs/pango-1.0": "^1.52.2-4.0.0-beta.7",
                "@girs/pangocairo-1.0": "^1.0.0-4.0.0-beta.7",
                "@girs/polkit-1.0": "^1.0.0-4.0.0-beta.7",
                "@girs/polkitagent-1.0": "^1.0.0-4.0.0-beta.7",
                "@girs/st-14": "^14.0.0-4.0.0-beta.7",
                "@girs/xfixes-4.0": "^4.0.0-4.0.0-beta.7",
                "@girs/xlib-2.0": "^2.0.0-4.0.0-beta.7"
            }
        },
        "node_modules/@girs/shew-0": {
            "version": "0.0.0-4.0.0-beta.7",
            "resolved": "https://registry.npmjs.org/@girs/shew-0/-/shew-0-0.0.0-4.0.0-beta.7.tgz",
            "integrity": "sha512-r5zGri3eITrLLhzOJfxflf4f4vbjoxpKr3DqAVRZa6BRnc75IMEkZFRhbtx9FKcTuv4k1uh4g1xPQ0Y1kU61/Q==",
            "dev": true,
            "license": "MIT",
            "dependencies": {
                "@girs/cairo-1.0": "^1.0.0-4.0.0-beta.7",
                "@girs/freetype2-2.0": "^2.0.0-4.0.0-beta.7",
                "@girs/gdk-4.0": "^4.0.0-4.0.0-beta.7",
                "@girs/gdkpixbuf-2.0": "^2.0.0-4.0.0-beta.7",
                "@girs/gio-2.0": "^2.80.2-4.0.0-beta.7",
                "@girs/gjs": "^4.0.0-beta.7",
                "@girs/glib-2.0": "^2.80.2-4.0.0-beta.7",
                "@girs/gmodule-2.0": "^2.0.0-4.0.0-beta.7",
                "@girs/gobject-2.0": "^2.80.2-4.0.0-beta.7",
                "@girs/graphene-1.0": "^1.0.0-4.0.0-beta.7",
                "@girs/gsk-4.0": "^4.0.0-4.0.0-beta.7",
                "@girs/gtk-4.0": "^4.14.4-4.0.0-beta.7",
                "@girs/harfbuzz-0.0": "^8.1.1-4.0.0-beta.7",
                "@girs/pango-1.0": "^1.52.2-4.0.0-beta.7",
                "@girs/pangocairo-1.0": "^1.0.0-4.0.0-beta.7"
            }
        },
        "node_modules/@girs/st-14": {
            "version": "14.0.0-4.0.0-beta.7",
            "resolved": "https://registry.npmjs.org/@girs/st-14/-/st-14-14.0.0-4.0.0-beta.7.tgz",
            "integrity": "sha512-6puVWtfP+2VEt3g/gqrS50gAbvpqmWLwwx4E/LUlxk84BiGvaC4Esoy7ljeXmSPUsWke2pBT6ixDOXytBbL52Q==",
            "dev": true,
            "license": "MIT",
            "dependencies": {
                "@girs/atk-1.0": "^2.52.0-4.0.0-beta.7",
                "@girs/cairo-1.0": "^1.0.0-4.0.0-beta.7",
                "@girs/cally-14": "^14.0.0-4.0.0-beta.7",
                "@girs/clutter-14": "^14.0.0-4.0.0-beta.7",
                "@girs/cogl-14": "^14.0.0-4.0.0-beta.7",
                "@girs/coglpango-14": "^14.0.0-4.0.0-beta.7",
                "@girs/freetype2-2.0": "^2.0.0-4.0.0-beta.7",
                "@girs/gdesktopenums-3.0": "^3.0.0-4.0.0-beta.7",
                "@girs/gdkpixbuf-2.0": "^2.0.0-4.0.0-beta.7",
                "@girs/gio-2.0": "^2.80.2-4.0.0-beta.7",
                "@girs/gjs": "^4.0.0-beta.7",
                "@girs/gl-1.0": "^1.0.0-4.0.0-beta.7",
                "@girs/glib-2.0": "^2.80.2-4.0.0-beta.7",
                "@girs/gmodule-2.0": "^2.0.0-4.0.0-beta.7",
                "@girs/gobject-2.0": "^2.80.2-4.0.0-beta.7",
                "@girs/graphene-1.0": "^1.0.0-4.0.0-beta.7",
                "@girs/harfbuzz-0.0": "^8.1.1-4.0.0-beta.7",
                "@girs/meta-14": "^14.0.0-4.0.0-beta.7",
                "@girs/mtk-14": "^14.0.0-4.0.0-beta.7",
                "@girs/pango-1.0": "^1.52.2-4.0.0-beta.7",
                "@girs/pangocairo-1.0": "^1.0.0-4.0.0-beta.7",
                "@girs/xfixes-4.0": "^4.0.0-4.0.0-beta.7",
                "@girs/xlib-2.0": "^2.0.0-4.0.0-beta.7"
            }
        },
        "node_modules/@girs/upowerglib-1.0": {
            "version": "0.99.1-4.0.0-beta.7",
            "resolved": "https://registry.npmjs.org/@girs/upowerglib-1.0/-/upowerglib-1.0-0.99.1-4.0.0-beta.7.tgz",
            "integrity": "sha512-S0TG64jdhyPnkrD5Eh3cXFe6jciRtitowvcc2ZjMMF4lP/IbRwiy1RnXIk2JWImmI0KpRP6t4Ja8mzaaVUJQ1Q==",
            "dev": true,
            "license": "MIT",
            "dependencies": {
                "@girs/gio-2.0": "^2.80.2-4.0.0-beta.7",
                "@girs/gjs": "^4.0.0-beta.7",
                "@girs/glib-2.0": "^2.80.2-4.0.0-beta.7",
                "@girs/gmodule-2.0": "^2.0.0-4.0.0-beta.7",
                "@girs/gobject-2.0": "^2.80.2-4.0.0-beta.7"
            }
        },
        "node_modules/@girs/xfixes-4.0": {
            "version": "4.0.0-4.0.0-beta.7",
            "resolved": "https://registry.npmjs.org/@girs/xfixes-4.0/-/xfixes-4.0-4.0.0-4.0.0-beta.7.tgz",
            "integrity": "sha512-nbcIAj3n0xUxQZyid5c+myen7i89dAdBoTqlrKmQQRMgV9kleT4tDsJ+XyXwpbff/RVoqAMgr5ikF972MKSSmQ==",
            "dev": true,
            "license": "MIT",
            "dependencies": {
                "@girs/gjs": "^4.0.0-beta.7",
                "@girs/gobject-2.0": "^2.80.2-4.0.0-beta.7"
            }
        },
        "node_modules/@girs/xlib-2.0": {
            "version": "2.0.0-4.0.0-beta.7",
            "resolved": "https://registry.npmjs.org/@girs/xlib-2.0/-/xlib-2.0-2.0.0-4.0.0-beta.7.tgz",
            "integrity": "sha512-98R9HxsuqxQgRvXYV/FyM0kKpQjQN1B6HZGsAgIFWorRoFW7PRfF5mwYyWOodVkmTq5zEoa5jCXDtQFPlPkW9Q==",
            "dev": true,
            "license": "MIT",
            "dependencies": {
                "@girs/gjs": "^4.0.0-beta.7",
                "@girs/gobject-2.0": "^2.80.2-4.0.0-beta.7"
            }
        },
        "node_modules/typescript": {
            "version": "5.5.3",
            "resolved": "https://registry.npmjs.org/typescript/-/typescript-5.5.3.tgz",
            "integrity": "sha512-/hreyEujaB0w76zKo6717l3L0o/qEUtRgdvUBvlkhoWeOVMjMuHNHk0BRBzikzuGDqNmPQbg5ifMEqsHLiIUcQ==",
            "dev": true,
            "license": "Apache-2.0",
            "bin": {
                "tsc": "bin/tsc",
                "tsserver": "bin/tsserver"
            },
            "engines": {
                "node": ">=14.17"
            }
        }
    }
}
